// !$*UTF8*$!
{
	archiveVersion = 1;
	classes = {
	};
	objectVersion = 56;
	objects = {

/* Begin PBXBuildFile section */
		B304B74B2B22B7ED0067371D /* AnimationView.swift in Sources */ = {isa = PBXBuildFile; fileRef = B304B74A2B22B7ED0067371D /* AnimationView.swift */; };
		B31319892B1FB83A00FFC760 /* ContactUs.swift in Sources */ = {isa = PBXBuildFile; fileRef = B31319882B1FB83A00FFC760 /* ContactUs.swift */; };
		B317C5832AFE6B150076BE33 /* TestMode.swift in Sources */ = {isa = PBXBuildFile; fileRef = B317C5822AFE6B150076BE33 /* TestMode.swift */; };
		B31922152AFBE175000446B7 /* MySpecies.swift in Sources */ = {isa = PBXBuildFile; fileRef = B31922142AFBE175000446B7 /* MySpecies.swift */; };
		B319221A2AFBED74000446B7 /* MySpeciesModel.xcdatamodeld in Sources */ = {isa = PBXBuildFile; fileRef = B31922182AFBED74000446B7 /* MySpeciesModel.xcdatamodeld */; };
		B319E6802B0A6627000B9FD4 /* ModeSelectView.swift in Sources */ = {isa = PBXBuildFile; fileRef = B319E67F2B0A6627000B9FD4 /* ModeSelectView.swift */; };
		B3234E8B2B15048700A730D1 /* ExploringView.swift in Sources */ = {isa = PBXBuildFile; fileRef = B3234E8A2B15048700A730D1 /* ExploringView.swift */; };
		B3234E8E2B15052300A730D1 /* AnalysisChart.swift in Sources */ = {isa = PBXBuildFile; fileRef = B3234E8D2B15052300A730D1 /* AnalysisChart.swift */; };
		B3234E902B15096E00A730D1 /* AnalysisDistribution.swift in Sources */ = {isa = PBXBuildFile; fileRef = B3234E8F2B15096E00A730D1 /* AnalysisDistribution.swift */; };
		B3234E942B150A6500A730D1 /* FocusLog.swift in Sources */ = {isa = PBXBuildFile; fileRef = B3234E932B150A6500A730D1 /* FocusLog.swift */; };
		B3234E962B150B5F00A730D1 /* DataManager+FocusLog.swift in Sources */ = {isa = PBXBuildFile; fileRef = B3234E952B150B5F00A730D1 /* DataManager+FocusLog.swift */; };
		B3234E982B150D4E00A730D1 /* DistributionMode.swift in Sources */ = {isa = PBXBuildFile; fileRef = B3234E972B150D4E00A730D1 /* DistributionMode.swift */; };
		B3234E9A2B15128000A730D1 /* ReviveManager+Dist.swift in Sources */ = {isa = PBXBuildFile; fileRef = B3234E992B15128000A730D1 /* ReviveManager+Dist.swift */; };
		B32D8EDB2B1C329200FD5235 /* SpeciesPanelName.swift in Sources */ = {isa = PBXBuildFile; fileRef = B32D8EDA2B1C329200FD5235 /* SpeciesPanelName.swift */; };
		B32D8EDD2B1C32F600FD5235 /* ItemPanelName.swift in Sources */ = {isa = PBXBuildFile; fileRef = B32D8EDC2B1C32F600FD5235 /* ItemPanelName.swift */; };
		B32D8EDF2B1C35F200FD5235 /* ItemPanelImage.swift in Sources */ = {isa = PBXBuildFile; fileRef = B32D8EDE2B1C35F200FD5235 /* ItemPanelImage.swift */; };
		B32DCF4E2B1A541B0078D941 /* ExploringStartView.swift in Sources */ = {isa = PBXBuildFile; fileRef = B32DCF4D2B1A541B0078D941 /* ExploringStartView.swift */; };
		B348319A2B03C82000545E46 /* SpeciesItems.swift in Sources */ = {isa = PBXBuildFile; fileRef = B34831992B03C82000545E46 /* SpeciesItems.swift */; };
		B349D5D32B0927C200270661 /* ReviveManager+util.swift in Sources */ = {isa = PBXBuildFile; fileRef = B349D5D22B0927C200270661 /* ReviveManager+util.swift */; };
		B349D5D52B09296400270661 /* SpeciesExpBar.swift in Sources */ = {isa = PBXBuildFile; fileRef = B349D5D42B09296400270661 /* SpeciesExpBar.swift */; };
		B349D5D82B0950A900270661 /* SettingView.swift in Sources */ = {isa = PBXBuildFile; fileRef = B349D5D72B0950A900270661 /* SettingView.swift */; };
		B349D5DA2B09541900270661 /* ReviveManager+Notification.swift in Sources */ = {isa = PBXBuildFile; fileRef = B349D5D92B09541900270661 /* ReviveManager+Notification.swift */; };
		B349D5DE2B09593A00270661 /* FocusSetting.swift in Sources */ = {isa = PBXBuildFile; fileRef = B349D5DD2B09593A00270661 /* FocusSetting.swift */; };
		B349D5E02B09598C00270661 /* ReminderSetting.swift in Sources */ = {isa = PBXBuildFile; fileRef = B349D5DF2B09598C00270661 /* ReminderSetting.swift */; };
		B349D5E22B0980BD00270661 /* ReviveManager+Setting.swift in Sources */ = {isa = PBXBuildFile; fileRef = B349D5E12B0980BD00270661 /* ReviveManager+Setting.swift */; };
		B349D5E52B09894F00270661 /* AnalysisView.swift in Sources */ = {isa = PBXBuildFile; fileRef = B349D5E42B09894F00270661 /* AnalysisView.swift */; };
		B349D5E72B098B6700270661 /* AnalysisDetails.swift in Sources */ = {isa = PBXBuildFile; fileRef = B349D5E62B098B6700270661 /* AnalysisDetails.swift */; };
		B349D5E92B0996F500270661 /* AnalysisTitle.swift in Sources */ = {isa = PBXBuildFile; fileRef = B349D5E82B0996F500270661 /* AnalysisTitle.swift */; };
		B34F1BC12AF5C2DD00737872 /* SpeciesComop.json in Resources */ = {isa = PBXBuildFile; fileRef = B34F1BBF2AF5C2DD00737872 /* SpeciesComop.json */; };
		B34F1BC32AF5C30500737872 /* Species.swift in Sources */ = {isa = PBXBuildFile; fileRef = B34F1BC22AF5C30500737872 /* Species.swift */; };
		B34F1BC52AF5CE6700737872 /* ReviveManager.swift in Sources */ = {isa = PBXBuildFile; fileRef = B34F1BC42AF5CE6700737872 /* ReviveManager.swift */; };
		B34F1BC72AF5CE9700737872 /* Persistences.swift in Sources */ = {isa = PBXBuildFile; fileRef = B34F1BC62AF5CE9700737872 /* Persistences.swift */; };
		B34F1BCB2AF5D67200737872 /* ReviveManager+Timer.swift in Sources */ = {isa = PBXBuildFile; fileRef = B34F1BCA2AF5D67200737872 /* ReviveManager+Timer.swift */; };
		B34F1BCD2AF5DC7300737872 /* CurrAction.swift in Sources */ = {isa = PBXBuildFile; fileRef = B34F1BCC2AF5DC7300737872 /* CurrAction.swift */; };
		B34F1BCF2AF5E40E00737872 /* LaunchView.swift in Sources */ = {isa = PBXBuildFile; fileRef = B34F1BCE2AF5E40E00737872 /* LaunchView.swift */; };
		B34F1BD12AF5EFBB00737872 /* DisplayView.swift in Sources */ = {isa = PBXBuildFile; fileRef = B34F1BD02AF5EFBB00737872 /* DisplayView.swift */; };
		B34F1BD32AF5F29200737872 /* MainTabView.swift in Sources */ = {isa = PBXBuildFile; fileRef = B34F1BD22AF5F29200737872 /* MainTabView.swift */; };
		B34F1BD72AF5FA6800737872 /* HatchingMechanics.swift in Sources */ = {isa = PBXBuildFile; fileRef = B34F1BD62AF5FA6800737872 /* HatchingMechanics.swift */; };
		B35006C92B1CDE6300F030D6 /* PanelButtonsInfoAction.swift in Sources */ = {isa = PBXBuildFile; fileRef = B35006C82B1CDE6300F030D6 /* PanelButtonsInfoAction.swift */; };
		B35006CD2B1CE0F800F030D6 /* SpeciesList.swift in Sources */ = {isa = PBXBuildFile; fileRef = B35006CC2B1CE0F800F030D6 /* SpeciesList.swift */; };
		B35006CF2B1CE13700F030D6 /* SpeciesAction.swift in Sources */ = {isa = PBXBuildFile; fileRef = B35006CE2B1CE13700F030D6 /* SpeciesAction.swift */; };
		B35304032B1D0D7100F5E2D3 /* SpeciesInfo.swift in Sources */ = {isa = PBXBuildFile; fileRef = B35304022B1D0D7100F5E2D3 /* SpeciesInfo.swift */; };
		B35304052B1D29C400F5E2D3 /* ReviveManager+Items.swift in Sources */ = {isa = PBXBuildFile; fileRef = B35304042B1D29C400F5E2D3 /* ReviveManager+Items.swift */; };
		B359FE4D2AFBF9EA00A58A87 /* DataManager.swift in Sources */ = {isa = PBXBuildFile; fileRef = B359FE4C2AFBF9EA00A58A87 /* DataManager.swift */; };
		B3629B022AFDDD7A00F3D135 /* BackyardView.swift in Sources */ = {isa = PBXBuildFile; fileRef = B3629B012AFDDD7A00F3D135 /* BackyardView.swift */; };
		B3629B042AFDDD9C00F3D135 /* BackyardTitle.swift in Sources */ = {isa = PBXBuildFile; fileRef = B3629B032AFDDD9C00F3D135 /* BackyardTitle.swift */; };
		B3629B092AFDDFB300F3D135 /* SpeciesListView.swift in Sources */ = {isa = PBXBuildFile; fileRef = B3629B082AFDDFB300F3D135 /* SpeciesListView.swift */; };
		B3629B0F2AFDE19900F3D135 /* SpeciesListImage.swift in Sources */ = {isa = PBXBuildFile; fileRef = B3629B0E2AFDE19900F3D135 /* SpeciesListImage.swift */; };
		B39D61D62B200BCF001BFA00 /* WidgetManager.swift in Sources */ = {isa = PBXBuildFile; fileRef = B39D61D52B200BCF001BFA00 /* WidgetManager.swift */; };
		B39D61D92B200CC0001BFA00 /* WidgetManager+util.swift in Sources */ = {isa = PBXBuildFile; fileRef = B39D61D82B200CC0001BFA00 /* WidgetManager+util.swift */; };
		B39D622C2B201917001BFA00 /* Preview Assets.xcassets in Resources */ = {isa = PBXBuildFile; fileRef = B3C774022ACCE69A00387FDC /* Preview Assets.xcassets */; };
		B39D622D2B201934001BFA00 /* Assets.xcassets in Resources */ = {isa = PBXBuildFile; fileRef = B3FB819E2B199212004CB417 /* Assets.xcassets */; };
		B39D62352B201965001BFA00 /* Color.swift in Sources */ = {isa = PBXBuildFile; fileRef = B3C7742F2ACD0BA000387FDC /* Color.swift */; };
		B3A9B1502AFB3E4A002C25F5 /* HatchingComplete.swift in Sources */ = {isa = PBXBuildFile; fileRef = B3A9B14F2AFB3E4A002C25F5 /* HatchingComplete.swift */; };
		B3AD16002B211A3D003D13EE /* SpeciesEvolve.swift in Sources */ = {isa = PBXBuildFile; fileRef = B3AD15FF2B211A3D003D13EE /* SpeciesEvolve.swift */; };
		B3AD16022B2143A1003D13EE /* BackyardListSorter.swift in Sources */ = {isa = PBXBuildFile; fileRef = B3AD16012B2143A1003D13EE /* BackyardListSorter.swift */; };
		B3AD16062B215F83003D13EE /* SpeciesFeed.swift in Sources */ = {isa = PBXBuildFile; fileRef = B3AD16052B215F83003D13EE /* SpeciesFeed.swift */; };
		B3ADC0992B20B3090039611E /* BackgroundTask.swift in Sources */ = {isa = PBXBuildFile; fileRef = B3ADC0982B20B3090039611E /* BackgroundTask.swift */; };
		B3ADC09C2B20B53D0039611E /* BackgroundOperation.swift in Sources */ = {isa = PBXBuildFile; fileRef = B3ADC09B2B20B53D0039611E /* BackgroundOperation.swift */; };
		B3BCC2D22B22D7D4008CF924 /* Reminder.swift in Sources */ = {isa = PBXBuildFile; fileRef = B3BCC2D12B22D7D3008CF924 /* Reminder.swift */; };
		B3C738E82AF9DF42006709C9 /* ActiveAlert.swift in Sources */ = {isa = PBXBuildFile; fileRef = B3C738E72AF9DF42006709C9 /* ActiveAlert.swift */; };
		B3C738EA2AF9E72C006709C9 /* HatchingView.swift in Sources */ = {isa = PBXBuildFile; fileRef = B3C738E92AF9E72C006709C9 /* HatchingView.swift */; };
		B3C738EC2AF9E7F2006709C9 /* CurrFocusState.swift in Sources */ = {isa = PBXBuildFile; fileRef = B3C738EB2AF9E7F2006709C9 /* CurrFocusState.swift */; };
		B3C773FC2ACCE69800387FDC /* ReviveApp.swift in Sources */ = {isa = PBXBuildFile; fileRef = B3C773FB2ACCE69800387FDC /* ReviveApp.swift */; };
		B3C773FE2ACCE69800387FDC /* FocusView.swift in Sources */ = {isa = PBXBuildFile; fileRef = B3C773FD2ACCE69800387FDC /* FocusView.swift */; };
		B3C774032ACCE69A00387FDC /* Preview Assets.xcassets in Resources */ = {isa = PBXBuildFile; fileRef = B3C774022ACCE69A00387FDC /* Preview Assets.xcassets */; };
		B3C7740D2ACCE69A00387FDC /* ReviveTests.swift in Sources */ = {isa = PBXBuildFile; fileRef = B3C7740C2ACCE69A00387FDC /* ReviveTests.swift */; };
		B3C774172ACCE69A00387FDC /* ReviveUITests.swift in Sources */ = {isa = PBXBuildFile; fileRef = B3C774162ACCE69A00387FDC /* ReviveUITests.swift */; };
		B3C774192ACCE69A00387FDC /* ReviveUITestsLaunchTests.swift in Sources */ = {isa = PBXBuildFile; fileRef = B3C774182ACCE69A00387FDC /* ReviveUITestsLaunchTests.swift */; };
		B3C774292ACD044800387FDC /* TimerSlider.swift in Sources */ = {isa = PBXBuildFile; fileRef = B3C774282ACD044800387FDC /* TimerSlider.swift */; };
		B3C7742C2ACD07B000387FDC /* Background.swift in Sources */ = {isa = PBXBuildFile; fileRef = B3C7742B2ACD07B000387FDC /* Background.swift */; };
		B3C7742E2ACD081800387FDC /* TimerModule.swift in Sources */ = {isa = PBXBuildFile; fileRef = B3C7742D2ACD081800387FDC /* TimerModule.swift */; };
		B3C774302ACD0BA000387FDC /* Color.swift in Sources */ = {isa = PBXBuildFile; fileRef = B3C7742F2ACD0BA000387FDC /* Color.swift */; };
		B3C774322ACD0F6500387FDC /* FocusTitle.swift in Sources */ = {isa = PBXBuildFile; fileRef = B3C774312ACD0F6500387FDC /* FocusTitle.swift */; };
		B3C774342ACD11CF00387FDC /* ActionButtons.swift in Sources */ = {isa = PBXBuildFile; fileRef = B3C774332ACD11CF00387FDC /* ActionButtons.swift */; };
		B3C774362ACD151600387FDC /* StartButton.swift in Sources */ = {isa = PBXBuildFile; fileRef = B3C774352ACD151500387FDC /* StartButton.swift */; };
		B3CD02D12B20BFAB00116384 /* AppDelegate.swift in Sources */ = {isa = PBXBuildFile; fileRef = B3CD02D02B20BFAB00116384 /* AppDelegate.swift */; };
		B3CE6F4A2B225558006727AB /* BuffListView.swift in Sources */ = {isa = PBXBuildFile; fileRef = B3CE6F492B225558006727AB /* BuffListView.swift */; };
		B3CE6F4C2B2268CE006727AB /* ReleaseConfirm.swift in Sources */ = {isa = PBXBuildFile; fileRef = B3CE6F4B2B2268CE006727AB /* ReleaseConfirm.swift */; };
		B3CE7AFD2B0317E1002472AF /* ProgressBar.swift in Sources */ = {isa = PBXBuildFile; fileRef = B3CE7AFC2B0317E1002472AF /* ProgressBar.swift */; };
		B3D552962B1A8DC60046F4FF /* ExploringComplete.swift in Sources */ = {isa = PBXBuildFile; fileRef = B3D552952B1A8DC60046F4FF /* ExploringComplete.swift */; };
		B3D552982B1A9BA20046F4FF /* TrainingAnimation.swift in Sources */ = {isa = PBXBuildFile; fileRef = B3D552972B1A9BA20046F4FF /* TrainingAnimation.swift */; };
		B3D5529A2B1AD52E0046F4FF /* TreasureProgressBar.swift in Sources */ = {isa = PBXBuildFile; fileRef = B3D552992B1AD52E0046F4FF /* TreasureProgressBar.swift */; };
		B3D67D732B1FF88F004BA91A /* WidgetKit.framework in Frameworks */ = {isa = PBXBuildFile; fileRef = B3D67D722B1FF88F004BA91A /* WidgetKit.framework */; };
		B3D67D752B1FF88F004BA91A /* SwiftUI.framework in Frameworks */ = {isa = PBXBuildFile; fileRef = B3D67D742B1FF88F004BA91A /* SwiftUI.framework */; };
		B3D67D782B1FF88F004BA91A /* ReviveWidgetBundle.swift in Sources */ = {isa = PBXBuildFile; fileRef = B3D67D772B1FF88F004BA91A /* ReviveWidgetBundle.swift */; };
		B3D67D7A2B1FF88F004BA91A /* ReviveWidgetLiveActivity.swift in Sources */ = {isa = PBXBuildFile; fileRef = B3D67D792B1FF88F004BA91A /* ReviveWidgetLiveActivity.swift */; };
		B3D67D7C2B1FF88F004BA91A /* ReviveWidget.swift in Sources */ = {isa = PBXBuildFile; fileRef = B3D67D7B2B1FF88F004BA91A /* ReviveWidget.swift */; };
		B3D67D7E2B1FF890004BA91A /* Assets.xcassets in Resources */ = {isa = PBXBuildFile; fileRef = B3D67D7D2B1FF890004BA91A /* Assets.xcassets */; };
		B3D67D822B1FF890004BA91A /* ReviveWidgetExtension.appex in Embed Foundation Extensions */ = {isa = PBXBuildFile; fileRef = B3D67D702B1FF88F004BA91A /* ReviveWidgetExtension.appex */; settings = {ATTRIBUTES = (RemoveHeadersOnCopy, ); }; };
		B3D67D882B1FF92B004BA91A /* LivePolldWidgetAttributes.swift in Sources */ = {isa = PBXBuildFile; fileRef = B3D67D872B1FF92B004BA91A /* LivePolldWidgetAttributes.swift */; };
		B3D67D892B1FF92B004BA91A /* LivePolldWidgetAttributes.swift in Sources */ = {isa = PBXBuildFile; fileRef = B3D67D872B1FF92B004BA91A /* LivePolldWidgetAttributes.swift */; };
		B3E1B9482B082B1900AD7AA7 /* TrainingView.swift in Sources */ = {isa = PBXBuildFile; fileRef = B3E1B9472B082B1900AD7AA7 /* TrainingView.swift */; };
		B3E1B94A2B08492C00AD7AA7 /* TrainingComplete.swift in Sources */ = {isa = PBXBuildFile; fileRef = B3E1B9492B08492C00AD7AA7 /* TrainingComplete.swift */; };
		B3E3EB302B22112B0073920F /* DataManager+Statistics.swift in Sources */ = {isa = PBXBuildFile; fileRef = B3E3EB2F2B22112B0073920F /* DataManager+Statistics.swift */; };
		B3FA3C8D2B22099200FE8D4D /* Statistics.swift in Sources */ = {isa = PBXBuildFile; fileRef = B3FA3C8C2B22099200FE8D4D /* Statistics.swift */; };
		B3FA42D22AFF19EC009C6C41 /* SpeciesPanel.swift in Sources */ = {isa = PBXBuildFile; fileRef = B3FA42D12AFF19EC009C6C41 /* SpeciesPanel.swift */; };
		B3FA42D42AFF1B34009C6C41 /* ReviveManager+Backyard.swift in Sources */ = {isa = PBXBuildFile; fileRef = B3FA42D32AFF1B34009C6C41 /* ReviveManager+Backyard.swift */; };
		B3FA42D72AFF1E99009C6C41 /* SpeciesPanelImage.swift in Sources */ = {isa = PBXBuildFile; fileRef = B3FA42D62AFF1E99009C6C41 /* SpeciesPanelImage.swift */; };
		B3FB81782B192209004CB417 /* ExploringMap.swift in Sources */ = {isa = PBXBuildFile; fileRef = B3FB81772B192209004CB417 /* ExploringMap.swift */; };
		B3FB817A2B192232004CB417 /* Item.swift in Sources */ = {isa = PBXBuildFile; fileRef = B3FB81792B192232004CB417 /* Item.swift */; };
		B3FB817C2B192E4C004CB417 /* MyMaps.swift in Sources */ = {isa = PBXBuildFile; fileRef = B3FB817B2B192E4C004CB417 /* MyMaps.swift */; };
		B3FB817E2B192EDA004CB417 /* MyItems.swift in Sources */ = {isa = PBXBuildFile; fileRef = B3FB817D2B192EDA004CB417 /* MyItems.swift */; };
		B3FB81802B192F94004CB417 /* DataManager+Item.swift in Sources */ = {isa = PBXBuildFile; fileRef = B3FB817F2B192F94004CB417 /* DataManager+Item.swift */; };
		B3FB81822B192F9F004CB417 /* DataManager+Map.swift in Sources */ = {isa = PBXBuildFile; fileRef = B3FB81812B192F9F004CB417 /* DataManager+Map.swift */; };
		B3FB81852B193C1F004CB417 /* ItemBYListImage.swift in Sources */ = {isa = PBXBuildFile; fileRef = B3FB81842B193C1F004CB417 /* ItemBYListImage.swift */; };
		B3FB81872B19421E004CB417 /* MapListImage.swift in Sources */ = {isa = PBXBuildFile; fileRef = B3FB81862B19421E004CB417 /* MapListImage.swift */; };
		B3FB819B2B19920B004CB417 /* ExploringMap.json in Resources */ = {isa = PBXBuildFile; fileRef = B3FB81982B19920A004CB417 /* ExploringMap.json */; };
		B3FB819C2B19920B004CB417 /* Item.json in Resources */ = {isa = PBXBuildFile; fileRef = B3FB81992B19920A004CB417 /* Item.json */; };
		B3FB819D2B19920B004CB417 /* SpeciesInfo.json in Resources */ = {isa = PBXBuildFile; fileRef = B3FB819A2B19920B004CB417 /* SpeciesInfo.json */; };
		B3FB819F2B199212004CB417 /* Assets.xcassets in Resources */ = {isa = PBXBuildFile; fileRef = B3FB819E2B199212004CB417 /* Assets.xcassets */; };
		B3FF6B9B2B1BB71000327E93 /* SpeciesPanelActionButtons.swift in Sources */ = {isa = PBXBuildFile; fileRef = B3FF6B9A2B1BB71000327E93 /* SpeciesPanelActionButtons.swift */; };
		B3FF6B9D2B1BB74200327E93 /* ReviveManager+Hatching.swift in Sources */ = {isa = PBXBuildFile; fileRef = B3FF6B9C2B1BB74200327E93 /* ReviveManager+Hatching.swift */; };
		B3FF6BA02B1BB78200327E93 /* ReviveManager+Training.swift in Sources */ = {isa = PBXBuildFile; fileRef = B3FF6B9F2B1BB78200327E93 /* ReviveManager+Training.swift */; };
		B3FF6BA22B1BB7A800327E93 /* ReviveManager+Exploring.swift in Sources */ = {isa = PBXBuildFile; fileRef = B3FF6BA12B1BB7A800327E93 /* ReviveManager+Exploring.swift */; };
		B3FF6BA42B1BD4E700327E93 /* ItemsListImage.swift in Sources */ = {isa = PBXBuildFile; fileRef = B3FF6BA32B1BD4E700327E93 /* ItemsListImage.swift */; };
/* End PBXBuildFile section */

/* Begin PBXContainerItemProxy section */
		B3C774092ACCE69A00387FDC /* PBXContainerItemProxy */ = {
			isa = PBXContainerItemProxy;
			containerPortal = B3C773F02ACCE69800387FDC /* Project object */;
			proxyType = 1;
			remoteGlobalIDString = B3C773F72ACCE69800387FDC;
			remoteInfo = Revive;
		};
		B3C774132ACCE69A00387FDC /* PBXContainerItemProxy */ = {
			isa = PBXContainerItemProxy;
			containerPortal = B3C773F02ACCE69800387FDC /* Project object */;
			proxyType = 1;
			remoteGlobalIDString = B3C773F72ACCE69800387FDC;
			remoteInfo = Revive;
		};
		B3D67D802B1FF890004BA91A /* PBXContainerItemProxy */ = {
			isa = PBXContainerItemProxy;
			containerPortal = B3C773F02ACCE69800387FDC /* Project object */;
			proxyType = 1;
			remoteGlobalIDString = B3D67D6F2B1FF88F004BA91A;
			remoteInfo = ReviveWidgetExtension;
		};
/* End PBXContainerItemProxy section */

/* Begin PBXCopyFilesBuildPhase section */
		B3D67D832B1FF890004BA91A /* Embed Foundation Extensions */ = {
			isa = PBXCopyFilesBuildPhase;
			buildActionMask = 2147483647;
			dstPath = "";
			dstSubfolderSpec = 13;
			files = (
				B3D67D822B1FF890004BA91A /* ReviveWidgetExtension.appex in Embed Foundation Extensions */,
			);
			name = "Embed Foundation Extensions";
			runOnlyForDeploymentPostprocessing = 0;
		};
/* End PBXCopyFilesBuildPhase section */

/* Begin PBXFileReference section */
		B304B74A2B22B7ED0067371D /* AnimationView.swift */ = {isa = PBXFileReference; lastKnownFileType = sourcecode.swift; path = AnimationView.swift; sourceTree = "<group>"; };
		B31319882B1FB83A00FFC760 /* ContactUs.swift */ = {isa = PBXFileReference; lastKnownFileType = sourcecode.swift; path = ContactUs.swift; sourceTree = "<group>"; };
		B317C5822AFE6B150076BE33 /* TestMode.swift */ = {isa = PBXFileReference; lastKnownFileType = sourcecode.swift; path = TestMode.swift; sourceTree = "<group>"; };
		B31922142AFBE175000446B7 /* MySpecies.swift */ = {isa = PBXFileReference; lastKnownFileType = sourcecode.swift; path = MySpecies.swift; sourceTree = "<group>"; };
		B31922192AFBED74000446B7 /* MySpeciesModel.xcdatamodel */ = {isa = PBXFileReference; lastKnownFileType = wrapper.xcdatamodel; path = MySpeciesModel.xcdatamodel; sourceTree = "<group>"; };
		B319E67F2B0A6627000B9FD4 /* ModeSelectView.swift */ = {isa = PBXFileReference; lastKnownFileType = sourcecode.swift; path = ModeSelectView.swift; sourceTree = "<group>"; };
		B3234E8A2B15048700A730D1 /* ExploringView.swift */ = {isa = PBXFileReference; lastKnownFileType = sourcecode.swift; path = ExploringView.swift; sourceTree = "<group>"; };
		B3234E8D2B15052300A730D1 /* AnalysisChart.swift */ = {isa = PBXFileReference; lastKnownFileType = sourcecode.swift; path = AnalysisChart.swift; sourceTree = "<group>"; };
		B3234E8F2B15096E00A730D1 /* AnalysisDistribution.swift */ = {isa = PBXFileReference; lastKnownFileType = sourcecode.swift; path = AnalysisDistribution.swift; sourceTree = "<group>"; };
		B3234E932B150A6500A730D1 /* FocusLog.swift */ = {isa = PBXFileReference; lastKnownFileType = sourcecode.swift; path = FocusLog.swift; sourceTree = "<group>"; };
		B3234E952B150B5F00A730D1 /* DataManager+FocusLog.swift */ = {isa = PBXFileReference; lastKnownFileType = sourcecode.swift; path = "DataManager+FocusLog.swift"; sourceTree = "<group>"; };
		B3234E972B150D4E00A730D1 /* DistributionMode.swift */ = {isa = PBXFileReference; lastKnownFileType = sourcecode.swift; path = DistributionMode.swift; sourceTree = "<group>"; };
		B3234E992B15128000A730D1 /* ReviveManager+Dist.swift */ = {isa = PBXFileReference; lastKnownFileType = sourcecode.swift; path = "ReviveManager+Dist.swift"; sourceTree = "<group>"; };
		B32D8EDA2B1C329200FD5235 /* SpeciesPanelName.swift */ = {isa = PBXFileReference; lastKnownFileType = sourcecode.swift; path = SpeciesPanelName.swift; sourceTree = "<group>"; };
		B32D8EDC2B1C32F600FD5235 /* ItemPanelName.swift */ = {isa = PBXFileReference; lastKnownFileType = sourcecode.swift; path = ItemPanelName.swift; sourceTree = "<group>"; };
		B32D8EDE2B1C35F200FD5235 /* ItemPanelImage.swift */ = {isa = PBXFileReference; lastKnownFileType = sourcecode.swift; path = ItemPanelImage.swift; sourceTree = "<group>"; };
		B32DCF4D2B1A541B0078D941 /* ExploringStartView.swift */ = {isa = PBXFileReference; lastKnownFileType = sourcecode.swift; path = ExploringStartView.swift; sourceTree = "<group>"; };
		B34831992B03C82000545E46 /* SpeciesItems.swift */ = {isa = PBXFileReference; lastKnownFileType = sourcecode.swift; path = SpeciesItems.swift; sourceTree = "<group>"; };
		B349D5D22B0927C200270661 /* ReviveManager+util.swift */ = {isa = PBXFileReference; lastKnownFileType = sourcecode.swift; path = "ReviveManager+util.swift"; sourceTree = "<group>"; };
		B349D5D42B09296400270661 /* SpeciesExpBar.swift */ = {isa = PBXFileReference; lastKnownFileType = sourcecode.swift; path = SpeciesExpBar.swift; sourceTree = "<group>"; };
		B349D5D72B0950A900270661 /* SettingView.swift */ = {isa = PBXFileReference; lastKnownFileType = sourcecode.swift; path = SettingView.swift; sourceTree = "<group>"; };
		B349D5D92B09541900270661 /* ReviveManager+Notification.swift */ = {isa = PBXFileReference; lastKnownFileType = sourcecode.swift; path = "ReviveManager+Notification.swift"; sourceTree = "<group>"; };
		B349D5DD2B09593A00270661 /* FocusSetting.swift */ = {isa = PBXFileReference; lastKnownFileType = sourcecode.swift; path = FocusSetting.swift; sourceTree = "<group>"; };
		B349D5DF2B09598C00270661 /* ReminderSetting.swift */ = {isa = PBXFileReference; lastKnownFileType = sourcecode.swift; path = ReminderSetting.swift; sourceTree = "<group>"; };
		B349D5E12B0980BD00270661 /* ReviveManager+Setting.swift */ = {isa = PBXFileReference; lastKnownFileType = sourcecode.swift; path = "ReviveManager+Setting.swift"; sourceTree = "<group>"; };
		B349D5E42B09894F00270661 /* AnalysisView.swift */ = {isa = PBXFileReference; lastKnownFileType = sourcecode.swift; path = AnalysisView.swift; sourceTree = "<group>"; };
		B349D5E62B098B6700270661 /* AnalysisDetails.swift */ = {isa = PBXFileReference; lastKnownFileType = sourcecode.swift; path = AnalysisDetails.swift; sourceTree = "<group>"; };
		B349D5E82B0996F500270661 /* AnalysisTitle.swift */ = {isa = PBXFileReference; lastKnownFileType = sourcecode.swift; path = AnalysisTitle.swift; sourceTree = "<group>"; };
		B34F1BBF2AF5C2DD00737872 /* SpeciesComop.json */ = {isa = PBXFileReference; fileEncoding = 4; lastKnownFileType = text.json; path = SpeciesComop.json; sourceTree = "<group>"; };
		B34F1BC22AF5C30500737872 /* Species.swift */ = {isa = PBXFileReference; lastKnownFileType = sourcecode.swift; path = Species.swift; sourceTree = "<group>"; };
		B34F1BC42AF5CE6700737872 /* ReviveManager.swift */ = {isa = PBXFileReference; lastKnownFileType = sourcecode.swift; path = ReviveManager.swift; sourceTree = "<group>"; };
		B34F1BC62AF5CE9700737872 /* Persistences.swift */ = {isa = PBXFileReference; lastKnownFileType = sourcecode.swift; path = Persistences.swift; sourceTree = "<group>"; };
		B34F1BCA2AF5D67200737872 /* ReviveManager+Timer.swift */ = {isa = PBXFileReference; lastKnownFileType = sourcecode.swift; path = "ReviveManager+Timer.swift"; sourceTree = "<group>"; };
		B34F1BCC2AF5DC7300737872 /* CurrAction.swift */ = {isa = PBXFileReference; lastKnownFileType = sourcecode.swift; path = CurrAction.swift; sourceTree = "<group>"; };
		B34F1BCE2AF5E40E00737872 /* LaunchView.swift */ = {isa = PBXFileReference; lastKnownFileType = sourcecode.swift; path = LaunchView.swift; sourceTree = "<group>"; };
		B34F1BD02AF5EFBB00737872 /* DisplayView.swift */ = {isa = PBXFileReference; lastKnownFileType = sourcecode.swift; path = DisplayView.swift; sourceTree = "<group>"; };
		B34F1BD22AF5F29200737872 /* MainTabView.swift */ = {isa = PBXFileReference; lastKnownFileType = sourcecode.swift; path = MainTabView.swift; sourceTree = "<group>"; };
		B34F1BD62AF5FA6800737872 /* HatchingMechanics.swift */ = {isa = PBXFileReference; lastKnownFileType = sourcecode.swift; path = HatchingMechanics.swift; sourceTree = "<group>"; };
		B34F1BD82AF6045300737872 /* Info.plist */ = {isa = PBXFileReference; lastKnownFileType = text.plist; path = Info.plist; sourceTree = "<group>"; };
		B35006C82B1CDE6300F030D6 /* PanelButtonsInfoAction.swift */ = {isa = PBXFileReference; lastKnownFileType = sourcecode.swift; path = PanelButtonsInfoAction.swift; sourceTree = "<group>"; };
		B35006CC2B1CE0F800F030D6 /* SpeciesList.swift */ = {isa = PBXFileReference; lastKnownFileType = sourcecode.swift; path = SpeciesList.swift; sourceTree = "<group>"; };
		B35006CE2B1CE13700F030D6 /* SpeciesAction.swift */ = {isa = PBXFileReference; lastKnownFileType = sourcecode.swift; path = SpeciesAction.swift; sourceTree = "<group>"; };
		B35304022B1D0D7100F5E2D3 /* SpeciesInfo.swift */ = {isa = PBXFileReference; lastKnownFileType = sourcecode.swift; path = SpeciesInfo.swift; sourceTree = "<group>"; };
		B35304042B1D29C400F5E2D3 /* ReviveManager+Items.swift */ = {isa = PBXFileReference; lastKnownFileType = sourcecode.swift; path = "ReviveManager+Items.swift"; sourceTree = "<group>"; };
		B359FE4C2AFBF9EA00A58A87 /* DataManager.swift */ = {isa = PBXFileReference; lastKnownFileType = sourcecode.swift; path = DataManager.swift; sourceTree = "<group>"; };
		B3629B012AFDDD7A00F3D135 /* BackyardView.swift */ = {isa = PBXFileReference; lastKnownFileType = sourcecode.swift; path = BackyardView.swift; sourceTree = "<group>"; };
		B3629B032AFDDD9C00F3D135 /* BackyardTitle.swift */ = {isa = PBXFileReference; lastKnownFileType = sourcecode.swift; path = BackyardTitle.swift; sourceTree = "<group>"; };
		B3629B082AFDDFB300F3D135 /* SpeciesListView.swift */ = {isa = PBXFileReference; lastKnownFileType = sourcecode.swift; path = SpeciesListView.swift; sourceTree = "<group>"; };
		B3629B0E2AFDE19900F3D135 /* SpeciesListImage.swift */ = {isa = PBXFileReference; lastKnownFileType = sourcecode.swift; path = SpeciesListImage.swift; sourceTree = "<group>"; };
		B39D61D52B200BCF001BFA00 /* WidgetManager.swift */ = {isa = PBXFileReference; lastKnownFileType = sourcecode.swift; path = WidgetManager.swift; sourceTree = "<group>"; };
		B39D61D82B200CC0001BFA00 /* WidgetManager+util.swift */ = {isa = PBXFileReference; lastKnownFileType = sourcecode.swift; path = "WidgetManager+util.swift"; sourceTree = "<group>"; };
		B39D62372B20203C001BFA00 /* Revive.entitlements */ = {isa = PBXFileReference; lastKnownFileType = text.plist.entitlements; path = Revive.entitlements; sourceTree = "<group>"; };
		B3A9B14F2AFB3E4A002C25F5 /* HatchingComplete.swift */ = {isa = PBXFileReference; lastKnownFileType = sourcecode.swift; path = HatchingComplete.swift; sourceTree = "<group>"; };
		B3AD15FF2B211A3D003D13EE /* SpeciesEvolve.swift */ = {isa = PBXFileReference; lastKnownFileType = sourcecode.swift; path = SpeciesEvolve.swift; sourceTree = "<group>"; };
		B3AD16012B2143A1003D13EE /* BackyardListSorter.swift */ = {isa = PBXFileReference; lastKnownFileType = sourcecode.swift; path = BackyardListSorter.swift; sourceTree = "<group>"; };
		B3AD16052B215F83003D13EE /* SpeciesFeed.swift */ = {isa = PBXFileReference; fileEncoding = 4; lastKnownFileType = sourcecode.swift; path = SpeciesFeed.swift; sourceTree = "<group>"; };
		B3ADC0982B20B3090039611E /* BackgroundTask.swift */ = {isa = PBXFileReference; lastKnownFileType = sourcecode.swift; path = BackgroundTask.swift; sourceTree = "<group>"; };
		B3ADC09B2B20B53D0039611E /* BackgroundOperation.swift */ = {isa = PBXFileReference; lastKnownFileType = sourcecode.swift; path = BackgroundOperation.swift; sourceTree = "<group>"; };
		B3BCC2D12B22D7D3008CF924 /* Reminder.swift */ = {isa = PBXFileReference; lastKnownFileType = sourcecode.swift; path = Reminder.swift; sourceTree = "<group>"; };
		B3C738E72AF9DF42006709C9 /* ActiveAlert.swift */ = {isa = PBXFileReference; lastKnownFileType = sourcecode.swift; path = ActiveAlert.swift; sourceTree = "<group>"; };
		B3C738E92AF9E72C006709C9 /* HatchingView.swift */ = {isa = PBXFileReference; lastKnownFileType = sourcecode.swift; path = HatchingView.swift; sourceTree = "<group>"; };
		B3C738EB2AF9E7F2006709C9 /* CurrFocusState.swift */ = {isa = PBXFileReference; lastKnownFileType = sourcecode.swift; path = CurrFocusState.swift; sourceTree = "<group>"; };
		B3C773F82ACCE69800387FDC /* Revive.app */ = {isa = PBXFileReference; explicitFileType = wrapper.application; includeInIndex = 0; path = Revive.app; sourceTree = BUILT_PRODUCTS_DIR; };
		B3C773FB2ACCE69800387FDC /* ReviveApp.swift */ = {isa = PBXFileReference; lastKnownFileType = sourcecode.swift; path = ReviveApp.swift; sourceTree = "<group>"; };
		B3C773FD2ACCE69800387FDC /* FocusView.swift */ = {isa = PBXFileReference; lastKnownFileType = sourcecode.swift; path = FocusView.swift; sourceTree = "<group>"; };
		B3C774022ACCE69A00387FDC /* Preview Assets.xcassets */ = {isa = PBXFileReference; lastKnownFileType = folder.assetcatalog; path = "Preview Assets.xcassets"; sourceTree = "<group>"; };
		B3C774082ACCE69A00387FDC /* ReviveTests.xctest */ = {isa = PBXFileReference; explicitFileType = wrapper.cfbundle; includeInIndex = 0; path = ReviveTests.xctest; sourceTree = BUILT_PRODUCTS_DIR; };
		B3C7740C2ACCE69A00387FDC /* ReviveTests.swift */ = {isa = PBXFileReference; lastKnownFileType = sourcecode.swift; path = ReviveTests.swift; sourceTree = "<group>"; };
		B3C774122ACCE69A00387FDC /* ReviveUITests.xctest */ = {isa = PBXFileReference; explicitFileType = wrapper.cfbundle; includeInIndex = 0; path = ReviveUITests.xctest; sourceTree = BUILT_PRODUCTS_DIR; };
		B3C774162ACCE69A00387FDC /* ReviveUITests.swift */ = {isa = PBXFileReference; lastKnownFileType = sourcecode.swift; path = ReviveUITests.swift; sourceTree = "<group>"; };
		B3C774182ACCE69A00387FDC /* ReviveUITestsLaunchTests.swift */ = {isa = PBXFileReference; lastKnownFileType = sourcecode.swift; path = ReviveUITestsLaunchTests.swift; sourceTree = "<group>"; };
		B3C774282ACD044800387FDC /* TimerSlider.swift */ = {isa = PBXFileReference; lastKnownFileType = sourcecode.swift; path = TimerSlider.swift; sourceTree = "<group>"; };
		B3C7742B2ACD07B000387FDC /* Background.swift */ = {isa = PBXFileReference; lastKnownFileType = sourcecode.swift; path = Background.swift; sourceTree = "<group>"; };
		B3C7742D2ACD081800387FDC /* TimerModule.swift */ = {isa = PBXFileReference; lastKnownFileType = sourcecode.swift; path = TimerModule.swift; sourceTree = "<group>"; };
		B3C7742F2ACD0BA000387FDC /* Color.swift */ = {isa = PBXFileReference; lastKnownFileType = sourcecode.swift; path = Color.swift; sourceTree = "<group>"; };
		B3C774312ACD0F6500387FDC /* FocusTitle.swift */ = {isa = PBXFileReference; lastKnownFileType = sourcecode.swift; path = FocusTitle.swift; sourceTree = "<group>"; };
		B3C774332ACD11CF00387FDC /* ActionButtons.swift */ = {isa = PBXFileReference; lastKnownFileType = sourcecode.swift; path = ActionButtons.swift; sourceTree = "<group>"; };
		B3C774352ACD151500387FDC /* StartButton.swift */ = {isa = PBXFileReference; lastKnownFileType = sourcecode.swift; path = StartButton.swift; sourceTree = "<group>"; };
		B3CD02D02B20BFAB00116384 /* AppDelegate.swift */ = {isa = PBXFileReference; lastKnownFileType = sourcecode.swift; path = AppDelegate.swift; sourceTree = "<group>"; };
		B3CE6F492B225558006727AB /* BuffListView.swift */ = {isa = PBXFileReference; lastKnownFileType = sourcecode.swift; path = BuffListView.swift; sourceTree = "<group>"; };
		B3CE6F4B2B2268CE006727AB /* ReleaseConfirm.swift */ = {isa = PBXFileReference; lastKnownFileType = sourcecode.swift; path = ReleaseConfirm.swift; sourceTree = "<group>"; };
		B3CE7AFC2B0317E1002472AF /* ProgressBar.swift */ = {isa = PBXFileReference; lastKnownFileType = sourcecode.swift; path = ProgressBar.swift; sourceTree = "<group>"; };
		B3D552952B1A8DC60046F4FF /* ExploringComplete.swift */ = {isa = PBXFileReference; lastKnownFileType = sourcecode.swift; path = ExploringComplete.swift; sourceTree = "<group>"; };
		B3D552972B1A9BA20046F4FF /* TrainingAnimation.swift */ = {isa = PBXFileReference; lastKnownFileType = sourcecode.swift; path = TrainingAnimation.swift; sourceTree = "<group>"; };
		B3D552992B1AD52E0046F4FF /* TreasureProgressBar.swift */ = {isa = PBXFileReference; lastKnownFileType = sourcecode.swift; path = TreasureProgressBar.swift; sourceTree = "<group>"; };
		B3D67D702B1FF88F004BA91A /* ReviveWidgetExtension.appex */ = {isa = PBXFileReference; explicitFileType = "wrapper.app-extension"; includeInIndex = 0; path = ReviveWidgetExtension.appex; sourceTree = BUILT_PRODUCTS_DIR; };
		B3D67D722B1FF88F004BA91A /* WidgetKit.framework */ = {isa = PBXFileReference; lastKnownFileType = wrapper.framework; name = WidgetKit.framework; path = System/Library/Frameworks/WidgetKit.framework; sourceTree = SDKROOT; };
		B3D67D742B1FF88F004BA91A /* SwiftUI.framework */ = {isa = PBXFileReference; lastKnownFileType = wrapper.framework; name = SwiftUI.framework; path = System/Library/Frameworks/SwiftUI.framework; sourceTree = SDKROOT; };
		B3D67D772B1FF88F004BA91A /* ReviveWidgetBundle.swift */ = {isa = PBXFileReference; lastKnownFileType = sourcecode.swift; path = ReviveWidgetBundle.swift; sourceTree = "<group>"; };
		B3D67D792B1FF88F004BA91A /* ReviveWidgetLiveActivity.swift */ = {isa = PBXFileReference; lastKnownFileType = sourcecode.swift; path = ReviveWidgetLiveActivity.swift; sourceTree = "<group>"; };
		B3D67D7B2B1FF88F004BA91A /* ReviveWidget.swift */ = {isa = PBXFileReference; lastKnownFileType = sourcecode.swift; path = ReviveWidget.swift; sourceTree = "<group>"; };
		B3D67D7D2B1FF890004BA91A /* Assets.xcassets */ = {isa = PBXFileReference; lastKnownFileType = folder.assetcatalog; path = Assets.xcassets; sourceTree = "<group>"; };
		B3D67D7F2B1FF890004BA91A /* Info.plist */ = {isa = PBXFileReference; lastKnownFileType = text.plist.xml; path = Info.plist; sourceTree = "<group>"; };
		B3D67D872B1FF92B004BA91A /* LivePolldWidgetAttributes.swift */ = {isa = PBXFileReference; lastKnownFileType = sourcecode.swift; path = LivePolldWidgetAttributes.swift; sourceTree = "<group>"; };
		B3E1B9472B082B1900AD7AA7 /* TrainingView.swift */ = {isa = PBXFileReference; lastKnownFileType = sourcecode.swift; path = TrainingView.swift; sourceTree = "<group>"; };
		B3E1B9492B08492C00AD7AA7 /* TrainingComplete.swift */ = {isa = PBXFileReference; lastKnownFileType = sourcecode.swift; path = TrainingComplete.swift; sourceTree = "<group>"; };
		B3E3EB2F2B22112B0073920F /* DataManager+Statistics.swift */ = {isa = PBXFileReference; lastKnownFileType = sourcecode.swift; path = "DataManager+Statistics.swift"; sourceTree = "<group>"; };
		B3FA3C8C2B22099200FE8D4D /* Statistics.swift */ = {isa = PBXFileReference; lastKnownFileType = sourcecode.swift; path = Statistics.swift; sourceTree = "<group>"; };
		B3FA42D12AFF19EC009C6C41 /* SpeciesPanel.swift */ = {isa = PBXFileReference; lastKnownFileType = sourcecode.swift; path = SpeciesPanel.swift; sourceTree = "<group>"; };
		B3FA42D32AFF1B34009C6C41 /* ReviveManager+Backyard.swift */ = {isa = PBXFileReference; lastKnownFileType = sourcecode.swift; path = "ReviveManager+Backyard.swift"; sourceTree = "<group>"; };
		B3FA42D62AFF1E99009C6C41 /* SpeciesPanelImage.swift */ = {isa = PBXFileReference; lastKnownFileType = sourcecode.swift; path = SpeciesPanelImage.swift; sourceTree = "<group>"; };
		B3FB81772B192209004CB417 /* ExploringMap.swift */ = {isa = PBXFileReference; lastKnownFileType = sourcecode.swift; path = ExploringMap.swift; sourceTree = "<group>"; };
		B3FB81792B192232004CB417 /* Item.swift */ = {isa = PBXFileReference; lastKnownFileType = sourcecode.swift; path = Item.swift; sourceTree = "<group>"; };
		B3FB817B2B192E4C004CB417 /* MyMaps.swift */ = {isa = PBXFileReference; lastKnownFileType = sourcecode.swift; path = MyMaps.swift; sourceTree = "<group>"; };
		B3FB817D2B192EDA004CB417 /* MyItems.swift */ = {isa = PBXFileReference; lastKnownFileType = sourcecode.swift; path = MyItems.swift; sourceTree = "<group>"; };
		B3FB817F2B192F94004CB417 /* DataManager+Item.swift */ = {isa = PBXFileReference; lastKnownFileType = sourcecode.swift; path = "DataManager+Item.swift"; sourceTree = "<group>"; };
		B3FB81812B192F9F004CB417 /* DataManager+Map.swift */ = {isa = PBXFileReference; lastKnownFileType = sourcecode.swift; path = "DataManager+Map.swift"; sourceTree = "<group>"; };
		B3FB81842B193C1F004CB417 /* ItemBYListImage.swift */ = {isa = PBXFileReference; lastKnownFileType = sourcecode.swift; path = ItemBYListImage.swift; sourceTree = "<group>"; };
		B3FB81862B19421E004CB417 /* MapListImage.swift */ = {isa = PBXFileReference; lastKnownFileType = sourcecode.swift; path = MapListImage.swift; sourceTree = "<group>"; };
		B3FB81982B19920A004CB417 /* ExploringMap.json */ = {isa = PBXFileReference; fileEncoding = 4; lastKnownFileType = text.json; path = ExploringMap.json; sourceTree = "<group>"; };
		B3FB81992B19920A004CB417 /* Item.json */ = {isa = PBXFileReference; fileEncoding = 4; lastKnownFileType = text.json; path = Item.json; sourceTree = "<group>"; };
		B3FB819A2B19920B004CB417 /* SpeciesInfo.json */ = {isa = PBXFileReference; fileEncoding = 4; lastKnownFileType = text.json; path = SpeciesInfo.json; sourceTree = "<group>"; };
		B3FB819E2B199212004CB417 /* Assets.xcassets */ = {isa = PBXFileReference; lastKnownFileType = folder.assetcatalog; path = Assets.xcassets; sourceTree = "<group>"; };
		B3FF6B9A2B1BB71000327E93 /* SpeciesPanelActionButtons.swift */ = {isa = PBXFileReference; lastKnownFileType = sourcecode.swift; path = SpeciesPanelActionButtons.swift; sourceTree = "<group>"; };
		B3FF6B9C2B1BB74200327E93 /* ReviveManager+Hatching.swift */ = {isa = PBXFileReference; lastKnownFileType = sourcecode.swift; path = "ReviveManager+Hatching.swift"; sourceTree = "<group>"; };
		B3FF6B9F2B1BB78200327E93 /* ReviveManager+Training.swift */ = {isa = PBXFileReference; lastKnownFileType = sourcecode.swift; path = "ReviveManager+Training.swift"; sourceTree = "<group>"; };
		B3FF6BA12B1BB7A800327E93 /* ReviveManager+Exploring.swift */ = {isa = PBXFileReference; lastKnownFileType = sourcecode.swift; path = "ReviveManager+Exploring.swift"; sourceTree = "<group>"; };
		B3FF6BA32B1BD4E700327E93 /* ItemsListImage.swift */ = {isa = PBXFileReference; lastKnownFileType = sourcecode.swift; path = ItemsListImage.swift; sourceTree = "<group>"; };
/* End PBXFileReference section */

/* Begin PBXFrameworksBuildPhase section */
		B3C773F52ACCE69800387FDC /* Frameworks */ = {
			isa = PBXFrameworksBuildPhase;
			buildActionMask = 2147483647;
			files = (
			);
			runOnlyForDeploymentPostprocessing = 0;
		};
		B3C774052ACCE69A00387FDC /* Frameworks */ = {
			isa = PBXFrameworksBuildPhase;
			buildActionMask = 2147483647;
			files = (
			);
			runOnlyForDeploymentPostprocessing = 0;
		};
		B3C7740F2ACCE69A00387FDC /* Frameworks */ = {
			isa = PBXFrameworksBuildPhase;
			buildActionMask = 2147483647;
			files = (
			);
			runOnlyForDeploymentPostprocessing = 0;
		};
		B3D67D6D2B1FF88F004BA91A /* Frameworks */ = {
			isa = PBXFrameworksBuildPhase;
			buildActionMask = 2147483647;
			files = (
				B3D67D752B1FF88F004BA91A /* SwiftUI.framework in Frameworks */,
				B3D67D732B1FF88F004BA91A /* WidgetKit.framework in Frameworks */,
			);
			runOnlyForDeploymentPostprocessing = 0;
		};
/* End PBXFrameworksBuildPhase section */

/* Begin PBXGroup section */
		B304B7472B22B7CD0067371D /* Animation */ = {
			isa = PBXGroup;
			children = (
				B304B74A2B22B7ED0067371D /* AnimationView.swift */,
			);
			path = Animation;
			sourceTree = "<group>";
		};
		B319E67E2B0A65FC000B9FD4 /* Launch */ = {
			isa = PBXGroup;
			children = (
				B34F1BCE2AF5E40E00737872 /* LaunchView.swift */,
				B319E67F2B0A6627000B9FD4 /* ModeSelectView.swift */,
			);
			path = Launch;
			sourceTree = "<group>";
		};
		B3234E892B15047200A730D1 /* Exploring */ = {
			isa = PBXGroup;
			children = (
				B3234E8A2B15048700A730D1 /* ExploringView.swift */,
				B3FB81862B19421E004CB417 /* MapListImage.swift */,
				B32DCF4D2B1A541B0078D941 /* ExploringStartView.swift */,
				B3D552952B1A8DC60046F4FF /* ExploringComplete.swift */,
				B3D552992B1AD52E0046F4FF /* TreasureProgressBar.swift */,
				B3FF6BA32B1BD4E700327E93 /* ItemsListImage.swift */,
			);
			path = Exploring;
			sourceTree = "<group>";
		};
		B32D8ED92B1C327400FD5235 /* Panel */ = {
			isa = PBXGroup;
			children = (
				B3FA42D12AFF19EC009C6C41 /* SpeciesPanel.swift */,
				B3FA42D62AFF1E99009C6C41 /* SpeciesPanelImage.swift */,
				B32D8EDA2B1C329200FD5235 /* SpeciesPanelName.swift */,
				B32D8EDC2B1C32F600FD5235 /* ItemPanelName.swift */,
				B32D8EDE2B1C35F200FD5235 /* ItemPanelImage.swift */,
			);
			path = Panel;
			sourceTree = "<group>";
		};
		B349D5D62B09509700270661 /* Setting */ = {
			isa = PBXGroup;
			children = (
				B349D5D72B0950A900270661 /* SettingView.swift */,
				B349D5DD2B09593A00270661 /* FocusSetting.swift */,
				B349D5DF2B09598C00270661 /* ReminderSetting.swift */,
				B31319882B1FB83A00FFC760 /* ContactUs.swift */,
			);
			path = Setting;
			sourceTree = "<group>";
		};
		B349D5E32B09892700270661 /* Analysis */ = {
			isa = PBXGroup;
			children = (
				B349D5E62B098B6700270661 /* AnalysisDetails.swift */,
				B349D5E42B09894F00270661 /* AnalysisView.swift */,
				B349D5E82B0996F500270661 /* AnalysisTitle.swift */,
				B3234E8D2B15052300A730D1 /* AnalysisChart.swift */,
				B3234E8F2B15096E00A730D1 /* AnalysisDistribution.swift */,
			);
			path = Analysis;
			sourceTree = "<group>";
		};
		B34F1BB92AF5C27B00737872 /* Persistences */ = {
			isa = PBXGroup;
			children = (
				B3FB81982B19920A004CB417 /* ExploringMap.json */,
				B3FB81992B19920A004CB417 /* Item.json */,
				B3FB819A2B19920B004CB417 /* SpeciesInfo.json */,
				B34F1BBF2AF5C2DD00737872 /* SpeciesComop.json */,
				B31922182AFBED74000446B7 /* MySpeciesModel.xcdatamodeld */,
			);
			path = Persistences;
			sourceTree = "<group>";
		};
		B35006C72B1CDE3E00F030D6 /* Enums */ = {
			isa = PBXGroup;
			children = (
				B34F1BCC2AF5DC7300737872 /* CurrAction.swift */,
				B3C738E72AF9DF42006709C9 /* ActiveAlert.swift */,
				B3C738EB2AF9E7F2006709C9 /* CurrFocusState.swift */,
				B317C5822AFE6B150076BE33 /* TestMode.swift */,
				B34831992B03C82000545E46 /* SpeciesItems.swift */,
				B3234E972B150D4E00A730D1 /* DistributionMode.swift */,
				B35006C82B1CDE6300F030D6 /* PanelButtonsInfoAction.swift */,
				B3AD16012B2143A1003D13EE /* BackyardListSorter.swift */,
			);
			path = Enums;
			sourceTree = "<group>";
		};
		B35304012B1D0D5200F5E2D3 /* Action */ = {
			isa = PBXGroup;
			children = (
				B35006CE2B1CE13700F030D6 /* SpeciesAction.swift */,
				B35304022B1D0D7100F5E2D3 /* SpeciesInfo.swift */,
				B3AD16052B215F83003D13EE /* SpeciesFeed.swift */,
				B3AD15FF2B211A3D003D13EE /* SpeciesEvolve.swift */,
				B3CE6F4B2B2268CE006727AB /* ReleaseConfirm.swift */,
			);
			path = Action;
			sourceTree = "<group>";
		};
		B359FE4A2AFBF9CB00A58A87 /* ReviveManager */ = {
			isa = PBXGroup;
			children = (
				B35006C72B1CDE3E00F030D6 /* Enums */,
				B3FF6B9E2B1BB74600327E93 /* Revivemanager+Focus */,
				B3ADC09A2B20B5270039611E /* BackgroundTask */,
				B34F1BC42AF5CE6700737872 /* ReviveManager.swift */,
				B3FA42D32AFF1B34009C6C41 /* ReviveManager+Backyard.swift */,
				B3234E992B15128000A730D1 /* ReviveManager+Dist.swift */,
				B349D5D92B09541900270661 /* ReviveManager+Notification.swift */,
				B349D5E12B0980BD00270661 /* ReviveManager+Setting.swift */,
				B34F1BCA2AF5D67200737872 /* ReviveManager+Timer.swift */,
				B349D5D22B0927C200270661 /* ReviveManager+util.swift */,
				B35304042B1D29C400F5E2D3 /* ReviveManager+Items.swift */,
			);
			path = ReviveManager;
			sourceTree = "<group>";
		};
		B359FE4B2AFBF9DD00A58A87 /* DataManager */ = {
			isa = PBXGroup;
			children = (
				B359FE4C2AFBF9EA00A58A87 /* DataManager.swift */,
				B3234E952B150B5F00A730D1 /* DataManager+FocusLog.swift */,
				B3FB817F2B192F94004CB417 /* DataManager+Item.swift */,
				B3FB81812B192F9F004CB417 /* DataManager+Map.swift */,
				B3E3EB2F2B22112B0073920F /* DataManager+Statistics.swift */,
			);
			path = DataManager;
			sourceTree = "<group>";
		};
		B3629B002AFDDD6300F3D135 /* Backyard */ = {
			isa = PBXGroup;
			children = (
				B3FA42D52AFF1E84009C6C41 /* SpeciesPanel */,
				B3629B072AFDDF7700F3D135 /* SpeciesList */,
				B3629B012AFDDD7A00F3D135 /* BackyardView.swift */,
				B3629B032AFDDD9C00F3D135 /* BackyardTitle.swift */,
			);
			path = Backyard;
			sourceTree = "<group>";
		};
		B3629B052AFDDF5500F3D135 /* Timer */ = {
			isa = PBXGroup;
			children = (
				B3C7742D2ACD081800387FDC /* TimerModule.swift */,
				B3C774282ACD044800387FDC /* TimerSlider.swift */,
			);
			path = Timer;
			sourceTree = "<group>";
		};
		B3629B062AFDDF6700F3D135 /* Hatching */ = {
			isa = PBXGroup;
			children = (
				B3C738E92AF9E72C006709C9 /* HatchingView.swift */,
				B3A9B14F2AFB3E4A002C25F5 /* HatchingComplete.swift */,
			);
			path = Hatching;
			sourceTree = "<group>";
		};
		B3629B072AFDDF7700F3D135 /* SpeciesList */ = {
			isa = PBXGroup;
			children = (
				B35304012B1D0D5200F5E2D3 /* Action */,
				B3629B082AFDDFB300F3D135 /* SpeciesListView.swift */,
				B3629B0E2AFDE19900F3D135 /* SpeciesListImage.swift */,
				B3FB81842B193C1F004CB417 /* ItemBYListImage.swift */,
				B35006CC2B1CE0F800F030D6 /* SpeciesList.swift */,
			);
			path = SpeciesList;
			sourceTree = "<group>";
		};
		B39D61D42B200BB0001BFA00 /* WidgetManager */ = {
			isa = PBXGroup;
			children = (
				B39D61D52B200BCF001BFA00 /* WidgetManager.swift */,
				B39D61D82B200CC0001BFA00 /* WidgetManager+util.swift */,
			);
			path = WidgetManager;
			sourceTree = "<group>";
		};
		B3ADC09A2B20B5270039611E /* BackgroundTask */ = {
			isa = PBXGroup;
			children = (
				B3ADC0982B20B3090039611E /* BackgroundTask.swift */,
				B3ADC09B2B20B53D0039611E /* BackgroundOperation.swift */,
			);
			path = BackgroundTask;
			sourceTree = "<group>";
		};
		B3C773EF2ACCE69800387FDC = {
			isa = PBXGroup;
			children = (
				B3C773FA2ACCE69800387FDC /* Revive */,
				B3C7740B2ACCE69A00387FDC /* ReviveTests */,
				B3C774152ACCE69A00387FDC /* ReviveUITests */,
				B3D67D762B1FF88F004BA91A /* ReviveWidget */,
				B3D67D712B1FF88F004BA91A /* Frameworks */,
				B3C773F92ACCE69800387FDC /* Products */,
			);
			sourceTree = "<group>";
		};
		B3C773F92ACCE69800387FDC /* Products */ = {
			isa = PBXGroup;
			children = (
				B3C773F82ACCE69800387FDC /* Revive.app */,
				B3C774082ACCE69A00387FDC /* ReviveTests.xctest */,
				B3C774122ACCE69A00387FDC /* ReviveUITests.xctest */,
				B3D67D702B1FF88F004BA91A /* ReviveWidgetExtension.appex */,
			);
			name = Products;
			sourceTree = "<group>";
		};
		B3C773FA2ACCE69800387FDC /* Revive */ = {
			isa = PBXGroup;
			children = (
				B39D62372B20203C001BFA00 /* Revive.entitlements */,
				B3FB819E2B199212004CB417 /* Assets.xcassets */,
				B34F1BD82AF6045300737872 /* Info.plist */,
				B34F1BB92AF5C27B00737872 /* Persistences */,
				B3C774272ACCE6D800387FDC /* View */,
				B3C774262ACCE6AD00387FDC /* View Model */,
				B3C774252ACCE6A600387FDC /* Model */,
				B3C773FB2ACCE69800387FDC /* ReviveApp.swift */,
				B3C774012ACCE69A00387FDC /* Preview Content */,
			);
			path = Revive;
			sourceTree = "<group>";
		};
		B3C774012ACCE69A00387FDC /* Preview Content */ = {
			isa = PBXGroup;
			children = (
				B3C774022ACCE69A00387FDC /* Preview Assets.xcassets */,
			);
			path = "Preview Content";
			sourceTree = "<group>";
		};
		B3C7740B2ACCE69A00387FDC /* ReviveTests */ = {
			isa = PBXGroup;
			children = (
				B3C7740C2ACCE69A00387FDC /* ReviveTests.swift */,
			);
			path = ReviveTests;
			sourceTree = "<group>";
		};
		B3C774152ACCE69A00387FDC /* ReviveUITests */ = {
			isa = PBXGroup;
			children = (
				B3C774162ACCE69A00387FDC /* ReviveUITests.swift */,
				B3C774182ACCE69A00387FDC /* ReviveUITestsLaunchTests.swift */,
			);
			path = ReviveUITests;
			sourceTree = "<group>";
		};
		B3C774252ACCE6A600387FDC /* Model */ = {
			isa = PBXGroup;
			children = (
				B34F1BC22AF5C30500737872 /* Species.swift */,
				B34F1BD62AF5FA6800737872 /* HatchingMechanics.swift */,
				B31922142AFBE175000446B7 /* MySpecies.swift */,
				B3234E932B150A6500A730D1 /* FocusLog.swift */,
				B3FB81772B192209004CB417 /* ExploringMap.swift */,
				B3FB81792B192232004CB417 /* Item.swift */,
				B3FB817B2B192E4C004CB417 /* MyMaps.swift */,
				B3FB817D2B192EDA004CB417 /* MyItems.swift */,
				B3FA3C8C2B22099200FE8D4D /* Statistics.swift */,
			);
			path = Model;
			sourceTree = "<group>";
		};
		B3C774262ACCE6AD00387FDC /* View Model */ = {
			isa = PBXGroup;
			children = (
				B39D61D42B200BB0001BFA00 /* WidgetManager */,
				B359FE4B2AFBF9DD00A58A87 /* DataManager */,
				B359FE4A2AFBF9CB00A58A87 /* ReviveManager */,
				B34F1BC62AF5CE9700737872 /* Persistences.swift */,
				B3CD02D02B20BFAB00116384 /* AppDelegate.swift */,
			);
			path = "View Model";
			sourceTree = "<group>";
		};
		B3C774272ACCE6D800387FDC /* View */ = {
			isa = PBXGroup;
			children = (
				B304B7472B22B7CD0067371D /* Animation */,
				B349D5E32B09892700270661 /* Analysis */,
				B349D5D62B09509700270661 /* Setting */,
				B3629B002AFDDD6300F3D135 /* Backyard */,
				B3C7742A2ACD044F00387FDC /* Focus */,
				B319E67E2B0A65FC000B9FD4 /* Launch */,
				B3CE7AFC2B0317E1002472AF /* ProgressBar.swift */,
				B3C7742F2ACD0BA000387FDC /* Color.swift */,
				B34F1BD02AF5EFBB00737872 /* DisplayView.swift */,
				B3C7742B2ACD07B000387FDC /* Background.swift */,
				B34F1BD22AF5F29200737872 /* MainTabView.swift */,
			);
			path = View;
			sourceTree = "<group>";
		};
		B3C7742A2ACD044F00387FDC /* Focus */ = {
			isa = PBXGroup;
			children = (
				B3234E892B15047200A730D1 /* Exploring */,
				B3E1B9462B082B0700AD7AA7 /* Training */,
				B3629B062AFDDF6700F3D135 /* Hatching */,
				B3629B052AFDDF5500F3D135 /* Timer */,
				B3C773FD2ACCE69800387FDC /* FocusView.swift */,
				B3C774312ACD0F6500387FDC /* FocusTitle.swift */,
				B3C774332ACD11CF00387FDC /* ActionButtons.swift */,
				B3C774352ACD151500387FDC /* StartButton.swift */,
				B3CE6F492B225558006727AB /* BuffListView.swift */,
				B3BCC2D12B22D7D3008CF924 /* Reminder.swift */,
			);
			path = Focus;
			sourceTree = "<group>";
		};
		B3D67D712B1FF88F004BA91A /* Frameworks */ = {
			isa = PBXGroup;
			children = (
				B3D67D722B1FF88F004BA91A /* WidgetKit.framework */,
				B3D67D742B1FF88F004BA91A /* SwiftUI.framework */,
			);
			name = Frameworks;
			sourceTree = "<group>";
		};
		B3D67D762B1FF88F004BA91A /* ReviveWidget */ = {
			isa = PBXGroup;
			children = (
				B3D67D772B1FF88F004BA91A /* ReviveWidgetBundle.swift */,
				B3D67D792B1FF88F004BA91A /* ReviveWidgetLiveActivity.swift */,
				B3D67D872B1FF92B004BA91A /* LivePolldWidgetAttributes.swift */,
				B3D67D7B2B1FF88F004BA91A /* ReviveWidget.swift */,
				B3D67D7D2B1FF890004BA91A /* Assets.xcassets */,
				B3D67D7F2B1FF890004BA91A /* Info.plist */,
			);
			path = ReviveWidget;
			sourceTree = "<group>";
		};
		B3E1B9462B082B0700AD7AA7 /* Training */ = {
			isa = PBXGroup;
			children = (
				B3E1B9472B082B1900AD7AA7 /* TrainingView.swift */,
				B3E1B9492B08492C00AD7AA7 /* TrainingComplete.swift */,
				B3D552972B1A9BA20046F4FF /* TrainingAnimation.swift */,
			);
			path = Training;
			sourceTree = "<group>";
		};
		B3FA42D52AFF1E84009C6C41 /* SpeciesPanel */ = {
			isa = PBXGroup;
			children = (
				B32D8ED92B1C327400FD5235 /* Panel */,
				B349D5D42B09296400270661 /* SpeciesExpBar.swift */,
				B3FF6B9A2B1BB71000327E93 /* SpeciesPanelActionButtons.swift */,
			);
			path = SpeciesPanel;
			sourceTree = "<group>";
		};
		B3FF6B9E2B1BB74600327E93 /* Revivemanager+Focus */ = {
			isa = PBXGroup;
			children = (
				B3FF6B9C2B1BB74200327E93 /* ReviveManager+Hatching.swift */,
				B3FF6B9F2B1BB78200327E93 /* ReviveManager+Training.swift */,
				B3FF6BA12B1BB7A800327E93 /* ReviveManager+Exploring.swift */,
			);
			path = "Revivemanager+Focus";
			sourceTree = "<group>";
		};
/* End PBXGroup section */

/* Begin PBXNativeTarget section */
		B3C773F72ACCE69800387FDC /* Revive */ = {
			isa = PBXNativeTarget;
			buildConfigurationList = B3C7741C2ACCE69A00387FDC /* Build configuration list for PBXNativeTarget "Revive" */;
			buildPhases = (
				B3C773F42ACCE69800387FDC /* Sources */,
				B3C773F52ACCE69800387FDC /* Frameworks */,
				B3C773F62ACCE69800387FDC /* Resources */,
				B3D67D832B1FF890004BA91A /* Embed Foundation Extensions */,
			);
			buildRules = (
			);
			dependencies = (
				B3D67D812B1FF890004BA91A /* PBXTargetDependency */,
			);
			name = Revive;
			productName = Revive;
			productReference = B3C773F82ACCE69800387FDC /* Revive.app */;
			productType = "com.apple.product-type.application";
		};
		B3C774072ACCE69A00387FDC /* ReviveTests */ = {
			isa = PBXNativeTarget;
			buildConfigurationList = B3C7741F2ACCE69A00387FDC /* Build configuration list for PBXNativeTarget "ReviveTests" */;
			buildPhases = (
				B3C774042ACCE69A00387FDC /* Sources */,
				B3C774052ACCE69A00387FDC /* Frameworks */,
				B3C774062ACCE69A00387FDC /* Resources */,
			);
			buildRules = (
			);
			dependencies = (
				B3C7740A2ACCE69A00387FDC /* PBXTargetDependency */,
			);
			name = ReviveTests;
			productName = ReviveTests;
			productReference = B3C774082ACCE69A00387FDC /* ReviveTests.xctest */;
			productType = "com.apple.product-type.bundle.unit-test";
		};
		B3C774112ACCE69A00387FDC /* ReviveUITests */ = {
			isa = PBXNativeTarget;
			buildConfigurationList = B3C774222ACCE69A00387FDC /* Build configuration list for PBXNativeTarget "ReviveUITests" */;
			buildPhases = (
				B3C7740E2ACCE69A00387FDC /* Sources */,
				B3C7740F2ACCE69A00387FDC /* Frameworks */,
				B3C774102ACCE69A00387FDC /* Resources */,
			);
			buildRules = (
			);
			dependencies = (
				B3C774142ACCE69A00387FDC /* PBXTargetDependency */,
			);
			name = ReviveUITests;
			productName = ReviveUITests;
			productReference = B3C774122ACCE69A00387FDC /* ReviveUITests.xctest */;
			productType = "com.apple.product-type.bundle.ui-testing";
		};
		B3D67D6F2B1FF88F004BA91A /* ReviveWidgetExtension */ = {
			isa = PBXNativeTarget;
			buildConfigurationList = B3D67D862B1FF890004BA91A /* Build configuration list for PBXNativeTarget "ReviveWidgetExtension" */;
			buildPhases = (
				B3D67D6C2B1FF88F004BA91A /* Sources */,
				B3D67D6D2B1FF88F004BA91A /* Frameworks */,
				B3D67D6E2B1FF88F004BA91A /* Resources */,
			);
			buildRules = (
			);
			dependencies = (
			);
			name = ReviveWidgetExtension;
			productName = ReviveWidgetExtension;
			productReference = B3D67D702B1FF88F004BA91A /* ReviveWidgetExtension.appex */;
			productType = "com.apple.product-type.app-extension";
		};
/* End PBXNativeTarget section */

/* Begin PBXProject section */
		B3C773F02ACCE69800387FDC /* Project object */ = {
			isa = PBXProject;
			attributes = {
				BuildIndependentTargetsInParallel = 1;
				LastSwiftUpdateCheck = 1500;
				LastUpgradeCheck = 1500;
				TargetAttributes = {
					B3C773F72ACCE69800387FDC = {
						CreatedOnToolsVersion = 15.0;
					};
					B3C774072ACCE69A00387FDC = {
						CreatedOnToolsVersion = 15.0;
						TestTargetID = B3C773F72ACCE69800387FDC;
					};
					B3C774112ACCE69A00387FDC = {
						CreatedOnToolsVersion = 15.0;
						TestTargetID = B3C773F72ACCE69800387FDC;
					};
					B3D67D6F2B1FF88F004BA91A = {
						CreatedOnToolsVersion = 15.0.1;
					};
				};
			};
			buildConfigurationList = B3C773F32ACCE69800387FDC /* Build configuration list for PBXProject "Revive" */;
			compatibilityVersion = "Xcode 14.0";
			developmentRegion = en;
			hasScannedForEncodings = 0;
			knownRegions = (
				en,
				Base,
			);
			mainGroup = B3C773EF2ACCE69800387FDC;
			productRefGroup = B3C773F92ACCE69800387FDC /* Products */;
			projectDirPath = "";
			projectRoot = "";
			targets = (
				B3C773F72ACCE69800387FDC /* Revive */,
				B3C774072ACCE69A00387FDC /* ReviveTests */,
				B3C774112ACCE69A00387FDC /* ReviveUITests */,
				B3D67D6F2B1FF88F004BA91A /* ReviveWidgetExtension */,
			);
		};
/* End PBXProject section */

/* Begin PBXResourcesBuildPhase section */
		B3C773F62ACCE69800387FDC /* Resources */ = {
			isa = PBXResourcesBuildPhase;
			buildActionMask = 2147483647;
			files = (
				B3FB819C2B19920B004CB417 /* Item.json in Resources */,
				B3FB819D2B19920B004CB417 /* SpeciesInfo.json in Resources */,
				B3C774032ACCE69A00387FDC /* Preview Assets.xcassets in Resources */,
				B34F1BC12AF5C2DD00737872 /* SpeciesComop.json in Resources */,
				B3FB819F2B199212004CB417 /* Assets.xcassets in Resources */,
				B3FB819B2B19920B004CB417 /* ExploringMap.json in Resources */,
			);
			runOnlyForDeploymentPostprocessing = 0;
		};
		B3C774062ACCE69A00387FDC /* Resources */ = {
			isa = PBXResourcesBuildPhase;
			buildActionMask = 2147483647;
			files = (
			);
			runOnlyForDeploymentPostprocessing = 0;
		};
		B3C774102ACCE69A00387FDC /* Resources */ = {
			isa = PBXResourcesBuildPhase;
			buildActionMask = 2147483647;
			files = (
			);
			runOnlyForDeploymentPostprocessing = 0;
		};
		B3D67D6E2B1FF88F004BA91A /* Resources */ = {
			isa = PBXResourcesBuildPhase;
			buildActionMask = 2147483647;
			files = (
				B39D622C2B201917001BFA00 /* Preview Assets.xcassets in Resources */,
				B39D622D2B201934001BFA00 /* Assets.xcassets in Resources */,
				B3D67D7E2B1FF890004BA91A /* Assets.xcassets in Resources */,
			);
			runOnlyForDeploymentPostprocessing = 0;
		};
/* End PBXResourcesBuildPhase section */

/* Begin PBXSourcesBuildPhase section */
		B3C773F42ACCE69800387FDC /* Sources */ = {
			isa = PBXSourcesBuildPhase;
			buildActionMask = 2147483647;
			files = (
				B3CD02D12B20BFAB00116384 /* AppDelegate.swift in Sources */,
				B3FF6BA42B1BD4E700327E93 /* ItemsListImage.swift in Sources */,
				B39D61D62B200BCF001BFA00 /* WidgetManager.swift in Sources */,
				B3D552982B1A9BA20046F4FF /* TrainingAnimation.swift in Sources */,
				B3C774292ACD044800387FDC /* TimerSlider.swift in Sources */,
				B3FB81872B19421E004CB417 /* MapListImage.swift in Sources */,
				B34F1BCF2AF5E40E00737872 /* LaunchView.swift in Sources */,
				B3E1B94A2B08492C00AD7AA7 /* TrainingComplete.swift in Sources */,
				B349D5E52B09894F00270661 /* AnalysisView.swift in Sources */,
				B349D5D82B0950A900270661 /* SettingView.swift in Sources */,
				B3234E942B150A6500A730D1 /* FocusLog.swift in Sources */,
				B3C7742E2ACD081800387FDC /* TimerModule.swift in Sources */,
				B3FF6BA02B1BB78200327E93 /* ReviveManager+Training.swift in Sources */,
				B3C738EA2AF9E72C006709C9 /* HatchingView.swift in Sources */,
				B3CE6F4A2B225558006727AB /* BuffListView.swift in Sources */,
				B31922152AFBE175000446B7 /* MySpecies.swift in Sources */,
				B35304052B1D29C400F5E2D3 /* ReviveManager+Items.swift in Sources */,
				B34F1BC52AF5CE6700737872 /* ReviveManager.swift in Sources */,
				B3FA3C8D2B22099200FE8D4D /* Statistics.swift in Sources */,
				B3C774322ACD0F6500387FDC /* FocusTitle.swift in Sources */,
				B349D5D32B0927C200270661 /* ReviveManager+util.swift in Sources */,
				B3234E902B15096E00A730D1 /* AnalysisDistribution.swift in Sources */,
				B32D8EDB2B1C329200FD5235 /* SpeciesPanelName.swift in Sources */,
				B3629B042AFDDD9C00F3D135 /* BackyardTitle.swift in Sources */,
				B3C774342ACD11CF00387FDC /* ActionButtons.swift in Sources */,
				B35304032B1D0D7100F5E2D3 /* SpeciesInfo.swift in Sources */,
				B32D8EDD2B1C32F600FD5235 /* ItemPanelName.swift in Sources */,
				B3FA42D22AFF19EC009C6C41 /* SpeciesPanel.swift in Sources */,
				B39D61D92B200CC0001BFA00 /* WidgetManager+util.swift in Sources */,
				B3234E9A2B15128000A730D1 /* ReviveManager+Dist.swift in Sources */,
				B3C773FE2ACCE69800387FDC /* FocusView.swift in Sources */,
				B3FB817C2B192E4C004CB417 /* MyMaps.swift in Sources */,
				B3C773FC2ACCE69800387FDC /* ReviveApp.swift in Sources */,
				B304B74B2B22B7ED0067371D /* AnimationView.swift in Sources */,
				B35006CF2B1CE13700F030D6 /* SpeciesAction.swift in Sources */,
				B3ADC09C2B20B53D0039611E /* BackgroundOperation.swift in Sources */,
				B3E3EB302B22112B0073920F /* DataManager+Statistics.swift in Sources */,
				B3234E8B2B15048700A730D1 /* ExploringView.swift in Sources */,
				B349D5E22B0980BD00270661 /* ReviveManager+Setting.swift in Sources */,
				B349D5DE2B09593A00270661 /* FocusSetting.swift in Sources */,
				B3D67D882B1FF92B004BA91A /* LivePolldWidgetAttributes.swift in Sources */,
				B349D5D52B09296400270661 /* SpeciesExpBar.swift in Sources */,
				B3C738EC2AF9E7F2006709C9 /* CurrFocusState.swift in Sources */,
				B32DCF4E2B1A541B0078D941 /* ExploringStartView.swift in Sources */,
				B3CE7AFD2B0317E1002472AF /* ProgressBar.swift in Sources */,
				B3A9B1502AFB3E4A002C25F5 /* HatchingComplete.swift in Sources */,
				B3AD16022B2143A1003D13EE /* BackyardListSorter.swift in Sources */,
				B31319892B1FB83A00FFC760 /* ContactUs.swift in Sources */,
				B348319A2B03C82000545E46 /* SpeciesItems.swift in Sources */,
				B319221A2AFBED74000446B7 /* MySpeciesModel.xcdatamodeld in Sources */,
				B3FB817A2B192232004CB417 /* Item.swift in Sources */,
				B3629B022AFDDD7A00F3D135 /* BackyardView.swift in Sources */,
				B3FF6B9D2B1BB74200327E93 /* ReviveManager+Hatching.swift in Sources */,
				B3CE6F4C2B2268CE006727AB /* ReleaseConfirm.swift in Sources */,
				B34F1BCD2AF5DC7300737872 /* CurrAction.swift in Sources */,
				B34F1BD72AF5FA6800737872 /* HatchingMechanics.swift in Sources */,
				B32D8EDF2B1C35F200FD5235 /* ItemPanelImage.swift in Sources */,
				B3C774362ACD151600387FDC /* StartButton.swift in Sources */,
				B3FF6BA22B1BB7A800327E93 /* ReviveManager+Exploring.swift in Sources */,
				B35006C92B1CDE6300F030D6 /* PanelButtonsInfoAction.swift in Sources */,
				B3C7742C2ACD07B000387FDC /* Background.swift in Sources */,
				B34F1BD32AF5F29200737872 /* MainTabView.swift in Sources */,
				B3234E8E2B15052300A730D1 /* AnalysisChart.swift in Sources */,
				B3BCC2D22B22D7D4008CF924 /* Reminder.swift in Sources */,
				B3FA42D72AFF1E99009C6C41 /* SpeciesPanelImage.swift in Sources */,
				B317C5832AFE6B150076BE33 /* TestMode.swift in Sources */,
				B3629B092AFDDFB300F3D135 /* SpeciesListView.swift in Sources */,
				B3FB817E2B192EDA004CB417 /* MyItems.swift in Sources */,
				B34F1BC72AF5CE9700737872 /* Persistences.swift in Sources */,
				B34F1BC32AF5C30500737872 /* Species.swift in Sources */,
				B3AD16002B211A3D003D13EE /* SpeciesEvolve.swift in Sources */,
				B34F1BD12AF5EFBB00737872 /* DisplayView.swift in Sources */,
				B3FB81852B193C1F004CB417 /* ItemBYListImage.swift in Sources */,
				B35006CD2B1CE0F800F030D6 /* SpeciesList.swift in Sources */,
				B349D5DA2B09541900270661 /* ReviveManager+Notification.swift in Sources */,
				B34F1BCB2AF5D67200737872 /* ReviveManager+Timer.swift in Sources */,
				B3AD16062B215F83003D13EE /* SpeciesFeed.swift in Sources */,
				B3FF6B9B2B1BB71000327E93 /* SpeciesPanelActionButtons.swift in Sources */,
				B3FA42D42AFF1B34009C6C41 /* ReviveManager+Backyard.swift in Sources */,
				B3FB81802B192F94004CB417 /* DataManager+Item.swift in Sources */,
				B349D5E02B09598C00270661 /* ReminderSetting.swift in Sources */,
				B349D5E72B098B6700270661 /* AnalysisDetails.swift in Sources */,
				B3E1B9482B082B1900AD7AA7 /* TrainingView.swift in Sources */,
				B3629B0F2AFDE19900F3D135 /* SpeciesListImage.swift in Sources */,
				B3234E962B150B5F00A730D1 /* DataManager+FocusLog.swift in Sources */,
				B319E6802B0A6627000B9FD4 /* ModeSelectView.swift in Sources */,
				B349D5E92B0996F500270661 /* AnalysisTitle.swift in Sources */,
				B3FB81782B192209004CB417 /* ExploringMap.swift in Sources */,
				B3C774302ACD0BA000387FDC /* Color.swift in Sources */,
				B3ADC0992B20B3090039611E /* BackgroundTask.swift in Sources */,
				B359FE4D2AFBF9EA00A58A87 /* DataManager.swift in Sources */,
				B3234E982B150D4E00A730D1 /* DistributionMode.swift in Sources */,
				B3D552962B1A8DC60046F4FF /* ExploringComplete.swift in Sources */,
				B3D5529A2B1AD52E0046F4FF /* TreasureProgressBar.swift in Sources */,
				B3FB81822B192F9F004CB417 /* DataManager+Map.swift in Sources */,
				B3C738E82AF9DF42006709C9 /* ActiveAlert.swift in Sources */,
			);
			runOnlyForDeploymentPostprocessing = 0;
		};
		B3C774042ACCE69A00387FDC /* Sources */ = {
			isa = PBXSourcesBuildPhase;
			buildActionMask = 2147483647;
			files = (
				B3C7740D2ACCE69A00387FDC /* ReviveTests.swift in Sources */,
			);
			runOnlyForDeploymentPostprocessing = 0;
		};
		B3C7740E2ACCE69A00387FDC /* Sources */ = {
			isa = PBXSourcesBuildPhase;
			buildActionMask = 2147483647;
			files = (
				B3C774172ACCE69A00387FDC /* ReviveUITests.swift in Sources */,
				B3C774192ACCE69A00387FDC /* ReviveUITestsLaunchTests.swift in Sources */,
			);
			runOnlyForDeploymentPostprocessing = 0;
		};
		B3D67D6C2B1FF88F004BA91A /* Sources */ = {
			isa = PBXSourcesBuildPhase;
			buildActionMask = 2147483647;
			files = (
				B3D67D892B1FF92B004BA91A /* LivePolldWidgetAttributes.swift in Sources */,
				B3D67D782B1FF88F004BA91A /* ReviveWidgetBundle.swift in Sources */,
				B3D67D7C2B1FF88F004BA91A /* ReviveWidget.swift in Sources */,
				B39D62352B201965001BFA00 /* Color.swift in Sources */,
				B3D67D7A2B1FF88F004BA91A /* ReviveWidgetLiveActivity.swift in Sources */,
			);
			runOnlyForDeploymentPostprocessing = 0;
		};
/* End PBXSourcesBuildPhase section */

/* Begin PBXTargetDependency section */
		B3C7740A2ACCE69A00387FDC /* PBXTargetDependency */ = {
			isa = PBXTargetDependency;
			target = B3C773F72ACCE69800387FDC /* Revive */;
			targetProxy = B3C774092ACCE69A00387FDC /* PBXContainerItemProxy */;
		};
		B3C774142ACCE69A00387FDC /* PBXTargetDependency */ = {
			isa = PBXTargetDependency;
			target = B3C773F72ACCE69800387FDC /* Revive */;
			targetProxy = B3C774132ACCE69A00387FDC /* PBXContainerItemProxy */;
		};
		B3D67D812B1FF890004BA91A /* PBXTargetDependency */ = {
			isa = PBXTargetDependency;
			target = B3D67D6F2B1FF88F004BA91A /* ReviveWidgetExtension */;
			targetProxy = B3D67D802B1FF890004BA91A /* PBXContainerItemProxy */;
		};
/* End PBXTargetDependency section */

/* Begin XCBuildConfiguration section */
		B3C7741A2ACCE69A00387FDC /* Debug */ = {
			isa = XCBuildConfiguration;
			buildSettings = {
				ALWAYS_SEARCH_USER_PATHS = NO;
				ASSETCATALOG_COMPILER_GENERATE_SWIFT_ASSET_SYMBOL_EXTENSIONS = YES;
				CLANG_ANALYZER_NONNULL = YES;
				CLANG_ANALYZER_NUMBER_OBJECT_CONVERSION = YES_AGGRESSIVE;
				CLANG_CXX_LANGUAGE_STANDARD = "gnu++20";
				CLANG_ENABLE_MODULES = YES;
				CLANG_ENABLE_OBJC_ARC = YES;
				CLANG_ENABLE_OBJC_WEAK = YES;
				CLANG_WARN_BLOCK_CAPTURE_AUTORELEASING = YES;
				CLANG_WARN_BOOL_CONVERSION = YES;
				CLANG_WARN_COMMA = YES;
				CLANG_WARN_CONSTANT_CONVERSION = YES;
				CLANG_WARN_DEPRECATED_OBJC_IMPLEMENTATIONS = YES;
				CLANG_WARN_DIRECT_OBJC_ISA_USAGE = YES_ERROR;
				CLANG_WARN_DOCUMENTATION_COMMENTS = YES;
				CLANG_WARN_EMPTY_BODY = YES;
				CLANG_WARN_ENUM_CONVERSION = YES;
				CLANG_WARN_INFINITE_RECURSION = YES;
				CLANG_WARN_INT_CONVERSION = YES;
				CLANG_WARN_NON_LITERAL_NULL_CONVERSION = YES;
				CLANG_WARN_OBJC_IMPLICIT_RETAIN_SELF = YES;
				CLANG_WARN_OBJC_LITERAL_CONVERSION = YES;
				CLANG_WARN_OBJC_ROOT_CLASS = YES_ERROR;
				CLANG_WARN_QUOTED_INCLUDE_IN_FRAMEWORK_HEADER = YES;
				CLANG_WARN_RANGE_LOOP_ANALYSIS = YES;
				CLANG_WARN_STRICT_PROTOTYPES = YES;
				CLANG_WARN_SUSPICIOUS_MOVE = YES;
				CLANG_WARN_UNGUARDED_AVAILABILITY = YES_AGGRESSIVE;
				CLANG_WARN_UNREACHABLE_CODE = YES;
				CLANG_WARN__DUPLICATE_METHOD_MATCH = YES;
				COPY_PHASE_STRIP = NO;
				DEBUG_INFORMATION_FORMAT = dwarf;
				ENABLE_STRICT_OBJC_MSGSEND = YES;
				ENABLE_TESTABILITY = YES;
				ENABLE_USER_SCRIPT_SANDBOXING = YES;
				GCC_C_LANGUAGE_STANDARD = gnu17;
				GCC_DYNAMIC_NO_PIC = NO;
				GCC_NO_COMMON_BLOCKS = YES;
				GCC_OPTIMIZATION_LEVEL = 0;
				GCC_PREPROCESSOR_DEFINITIONS = (
					"DEBUG=1",
					"$(inherited)",
				);
				GCC_WARN_64_TO_32_BIT_CONVERSION = YES;
				GCC_WARN_ABOUT_RETURN_TYPE = YES_ERROR;
				GCC_WARN_UNDECLARED_SELECTOR = YES;
				GCC_WARN_UNINITIALIZED_AUTOS = YES_AGGRESSIVE;
				GCC_WARN_UNUSED_FUNCTION = YES;
				GCC_WARN_UNUSED_VARIABLE = YES;
				IPHONEOS_DEPLOYMENT_TARGET = 17.0;
				LOCALIZATION_PREFERS_STRING_CATALOGS = YES;
				MTL_ENABLE_DEBUG_INFO = INCLUDE_SOURCE;
				MTL_FAST_MATH = YES;
				ONLY_ACTIVE_ARCH = YES;
				SDKROOT = iphoneos;
				SWIFT_ACTIVE_COMPILATION_CONDITIONS = "DEBUG $(inherited)";
				SWIFT_OPTIMIZATION_LEVEL = "-Onone";
			};
			name = Debug;
		};
		B3C7741B2ACCE69A00387FDC /* Release */ = {
			isa = XCBuildConfiguration;
			buildSettings = {
				ALWAYS_SEARCH_USER_PATHS = NO;
				ASSETCATALOG_COMPILER_GENERATE_SWIFT_ASSET_SYMBOL_EXTENSIONS = YES;
				CLANG_ANALYZER_NONNULL = YES;
				CLANG_ANALYZER_NUMBER_OBJECT_CONVERSION = YES_AGGRESSIVE;
				CLANG_CXX_LANGUAGE_STANDARD = "gnu++20";
				CLANG_ENABLE_MODULES = YES;
				CLANG_ENABLE_OBJC_ARC = YES;
				CLANG_ENABLE_OBJC_WEAK = YES;
				CLANG_WARN_BLOCK_CAPTURE_AUTORELEASING = YES;
				CLANG_WARN_BOOL_CONVERSION = YES;
				CLANG_WARN_COMMA = YES;
				CLANG_WARN_CONSTANT_CONVERSION = YES;
				CLANG_WARN_DEPRECATED_OBJC_IMPLEMENTATIONS = YES;
				CLANG_WARN_DIRECT_OBJC_ISA_USAGE = YES_ERROR;
				CLANG_WARN_DOCUMENTATION_COMMENTS = YES;
				CLANG_WARN_EMPTY_BODY = YES;
				CLANG_WARN_ENUM_CONVERSION = YES;
				CLANG_WARN_INFINITE_RECURSION = YES;
				CLANG_WARN_INT_CONVERSION = YES;
				CLANG_WARN_NON_LITERAL_NULL_CONVERSION = YES;
				CLANG_WARN_OBJC_IMPLICIT_RETAIN_SELF = YES;
				CLANG_WARN_OBJC_LITERAL_CONVERSION = YES;
				CLANG_WARN_OBJC_ROOT_CLASS = YES_ERROR;
				CLANG_WARN_QUOTED_INCLUDE_IN_FRAMEWORK_HEADER = YES;
				CLANG_WARN_RANGE_LOOP_ANALYSIS = YES;
				CLANG_WARN_STRICT_PROTOTYPES = YES;
				CLANG_WARN_SUSPICIOUS_MOVE = YES;
				CLANG_WARN_UNGUARDED_AVAILABILITY = YES_AGGRESSIVE;
				CLANG_WARN_UNREACHABLE_CODE = YES;
				CLANG_WARN__DUPLICATE_METHOD_MATCH = YES;
				COPY_PHASE_STRIP = NO;
				DEBUG_INFORMATION_FORMAT = "dwarf-with-dsym";
				ENABLE_NS_ASSERTIONS = NO;
				ENABLE_STRICT_OBJC_MSGSEND = YES;
				ENABLE_USER_SCRIPT_SANDBOXING = YES;
				GCC_C_LANGUAGE_STANDARD = gnu17;
				GCC_NO_COMMON_BLOCKS = YES;
				GCC_WARN_64_TO_32_BIT_CONVERSION = YES;
				GCC_WARN_ABOUT_RETURN_TYPE = YES_ERROR;
				GCC_WARN_UNDECLARED_SELECTOR = YES;
				GCC_WARN_UNINITIALIZED_AUTOS = YES_AGGRESSIVE;
				GCC_WARN_UNUSED_FUNCTION = YES;
				GCC_WARN_UNUSED_VARIABLE = YES;
				IPHONEOS_DEPLOYMENT_TARGET = 17.0;
				LOCALIZATION_PREFERS_STRING_CATALOGS = YES;
				MTL_ENABLE_DEBUG_INFO = NO;
				MTL_FAST_MATH = YES;
				SDKROOT = iphoneos;
				SWIFT_COMPILATION_MODE = wholemodule;
				VALIDATE_PRODUCT = YES;
			};
			name = Release;
		};
		B3C7741D2ACCE69A00387FDC /* Debug */ = {
			isa = XCBuildConfiguration;
			buildSettings = {
				ALWAYS_EMBED_SWIFT_STANDARD_LIBRARIES = YES;
				ASSETCATALOG_COMPILER_APPICON_NAME = AppIcon;
				ASSETCATALOG_COMPILER_GLOBAL_ACCENT_COLOR_NAME = AccentColor;
				CODE_SIGN_ENTITLEMENTS = Revive/Revive.entitlements;
				CODE_SIGN_STYLE = Automatic;
				CURRENT_PROJECT_VERSION = 0.1.0;
				DEVELOPMENT_ASSET_PATHS = "\"Revive/Preview Content\"";
				DEVELOPMENT_TEAM = A48878X7MD;
				ENABLE_PREVIEWS = YES;
				GENERATE_INFOPLIST_FILE = YES;
				INFOPLIST_FILE = Revive/Info.plist;
				INFOPLIST_KEY_CFBundleDisplayName = Revive;
				INFOPLIST_KEY_LSApplicationCategoryType = "public.app-category.productivity";
				INFOPLIST_KEY_NSSupportsLiveActivities = YES;
				INFOPLIST_KEY_UIApplicationSceneManifest_Generation = YES;
				INFOPLIST_KEY_UIApplicationSupportsIndirectInputEvents = YES;
				INFOPLIST_KEY_UILaunchScreen_Generation = YES;
				INFOPLIST_KEY_UIStatusBarStyle = "";
				INFOPLIST_KEY_UISupportedInterfaceOrientations = UIInterfaceOrientationPortrait;
				INFOPLIST_KEY_UISupportedInterfaceOrientations_iPad = "UIInterfaceOrientationLandscapeLeft UIInterfaceOrientationLandscapeRight UIInterfaceOrientationPortrait UIInterfaceOrientationPortraitUpsideDown";
				INFOPLIST_KEY_UIUserInterfaceStyle = Light;
				LD_RUNPATH_SEARCH_PATHS = (
					"$(inherited)",
					"@executable_path/Frameworks",
				);
				MARKETING_VERSION = 8;
				PRODUCT_BUNDLE_IDENTIFIER = fun.binltools.Revive;
				PRODUCT_NAME = "$(TARGET_NAME)";
				SUPPORTED_PLATFORMS = "iphoneos iphonesimulator";
				SUPPORTS_MACCATALYST = NO;
				SUPPORTS_MAC_DESIGNED_FOR_IPHONE_IPAD = NO;
				SWIFT_EMIT_LOC_STRINGS = YES;
				SWIFT_VERSION = 5.0;
				TARGETED_DEVICE_FAMILY = 1;
			};
			name = Debug;
		};
		B3C7741E2ACCE69A00387FDC /* Release */ = {
			isa = XCBuildConfiguration;
			buildSettings = {
				ALWAYS_EMBED_SWIFT_STANDARD_LIBRARIES = YES;
				ASSETCATALOG_COMPILER_APPICON_NAME = AppIcon;
				ASSETCATALOG_COMPILER_GLOBAL_ACCENT_COLOR_NAME = AccentColor;
				CODE_SIGN_ENTITLEMENTS = Revive/Revive.entitlements;
				CODE_SIGN_STYLE = Automatic;
				CURRENT_PROJECT_VERSION = 0.1.0;
				DEVELOPMENT_ASSET_PATHS = "\"Revive/Preview Content\"";
				DEVELOPMENT_TEAM = A48878X7MD;
				ENABLE_PREVIEWS = YES;
				GENERATE_INFOPLIST_FILE = YES;
				INFOPLIST_FILE = Revive/Info.plist;
				INFOPLIST_KEY_CFBundleDisplayName = Revive;
				INFOPLIST_KEY_LSApplicationCategoryType = "public.app-category.productivity";
				INFOPLIST_KEY_NSSupportsLiveActivities = YES;
				INFOPLIST_KEY_UIApplicationSceneManifest_Generation = YES;
				INFOPLIST_KEY_UIApplicationSupportsIndirectInputEvents = YES;
				INFOPLIST_KEY_UILaunchScreen_Generation = YES;
				INFOPLIST_KEY_UIStatusBarStyle = "";
				INFOPLIST_KEY_UISupportedInterfaceOrientations = UIInterfaceOrientationPortrait;
				INFOPLIST_KEY_UISupportedInterfaceOrientations_iPad = "UIInterfaceOrientationLandscapeLeft UIInterfaceOrientationLandscapeRight UIInterfaceOrientationPortrait UIInterfaceOrientationPortraitUpsideDown";
				INFOPLIST_KEY_UIUserInterfaceStyle = Light;
				LD_RUNPATH_SEARCH_PATHS = (
					"$(inherited)",
					"@executable_path/Frameworks",
				);
				MARKETING_VERSION = 8;
				PRODUCT_BUNDLE_IDENTIFIER = fun.binltools.Revive;
				PRODUCT_NAME = "$(TARGET_NAME)";
				SUPPORTED_PLATFORMS = "iphoneos iphonesimulator";
				SUPPORTS_MACCATALYST = NO;
				SUPPORTS_MAC_DESIGNED_FOR_IPHONE_IPAD = NO;
				SWIFT_EMIT_LOC_STRINGS = YES;
				SWIFT_VERSION = 5.0;
				TARGETED_DEVICE_FAMILY = 1;
			};
			name = Release;
		};
		B3C774202ACCE69A00387FDC /* Debug */ = {
			isa = XCBuildConfiguration;
			buildSettings = {
				ALWAYS_EMBED_SWIFT_STANDARD_LIBRARIES = YES;
				BUNDLE_LOADER = "$(TEST_HOST)";
				CODE_SIGN_STYLE = Automatic;
				CURRENT_PROJECT_VERSION = 1;
				DEVELOPMENT_TEAM = A48878X7MD;
				GENERATE_INFOPLIST_FILE = YES;
				IPHONEOS_DEPLOYMENT_TARGET = 17.0;
				MARKETING_VERSION = 1.0;
				PRODUCT_BUNDLE_IDENTIFIER = fun.binltools.ReviveTests;
				PRODUCT_NAME = "$(TARGET_NAME)";
				SWIFT_EMIT_LOC_STRINGS = NO;
				SWIFT_VERSION = 5.0;
				TARGETED_DEVICE_FAMILY = "1,2";
				TEST_HOST = "$(BUILT_PRODUCTS_DIR)/Revive.app/$(BUNDLE_EXECUTABLE_FOLDER_PATH)/Revive";
			};
			name = Debug;
		};
		B3C774212ACCE69A00387FDC /* Release */ = {
			isa = XCBuildConfiguration;
			buildSettings = {
				ALWAYS_EMBED_SWIFT_STANDARD_LIBRARIES = YES;
				BUNDLE_LOADER = "$(TEST_HOST)";
				CODE_SIGN_STYLE = Automatic;
				CURRENT_PROJECT_VERSION = 1;
				DEVELOPMENT_TEAM = A48878X7MD;
				GENERATE_INFOPLIST_FILE = YES;
				IPHONEOS_DEPLOYMENT_TARGET = 17.0;
				MARKETING_VERSION = 1.0;
				PRODUCT_BUNDLE_IDENTIFIER = fun.binltools.ReviveTests;
				PRODUCT_NAME = "$(TARGET_NAME)";
				SWIFT_EMIT_LOC_STRINGS = NO;
				SWIFT_VERSION = 5.0;
				TARGETED_DEVICE_FAMILY = "1,2";
				TEST_HOST = "$(BUILT_PRODUCTS_DIR)/Revive.app/$(BUNDLE_EXECUTABLE_FOLDER_PATH)/Revive";
			};
			name = Release;
		};
		B3C774232ACCE69A00387FDC /* Debug */ = {
			isa = XCBuildConfiguration;
			buildSettings = {
				ALWAYS_EMBED_SWIFT_STANDARD_LIBRARIES = YES;
				CODE_SIGN_STYLE = Automatic;
				CURRENT_PROJECT_VERSION = 1;
				DEVELOPMENT_TEAM = A48878X7MD;
				GENERATE_INFOPLIST_FILE = YES;
				MARKETING_VERSION = 1.0;
				PRODUCT_BUNDLE_IDENTIFIER = fun.binltools.ReviveUITests;
				PRODUCT_NAME = "$(TARGET_NAME)";
				SWIFT_EMIT_LOC_STRINGS = NO;
				SWIFT_VERSION = 5.0;
				TARGETED_DEVICE_FAMILY = "1,2";
				TEST_TARGET_NAME = Revive;
			};
			name = Debug;
		};
		B3C774242ACCE69A00387FDC /* Release */ = {
			isa = XCBuildConfiguration;
			buildSettings = {
				ALWAYS_EMBED_SWIFT_STANDARD_LIBRARIES = YES;
				CODE_SIGN_STYLE = Automatic;
				CURRENT_PROJECT_VERSION = 1;
				DEVELOPMENT_TEAM = A48878X7MD;
				GENERATE_INFOPLIST_FILE = YES;
				MARKETING_VERSION = 1.0;
				PRODUCT_BUNDLE_IDENTIFIER = fun.binltools.ReviveUITests;
				PRODUCT_NAME = "$(TARGET_NAME)";
				SWIFT_EMIT_LOC_STRINGS = NO;
				SWIFT_VERSION = 5.0;
				TARGETED_DEVICE_FAMILY = "1,2";
				TEST_TARGET_NAME = Revive;
			};
			name = Release;
		};
		B3D67D842B1FF890004BA91A /* Debug */ = {
			isa = XCBuildConfiguration;
			buildSettings = {
				ASSETCATALOG_COMPILER_GLOBAL_ACCENT_COLOR_NAME = AccentColor;
				ASSETCATALOG_COMPILER_WIDGET_BACKGROUND_COLOR_NAME = WidgetBackground;
				CODE_SIGN_STYLE = Automatic;
				CURRENT_PROJECT_VERSION = 1;
				DEVELOPMENT_TEAM = A48878X7MD;
				GENERATE_INFOPLIST_FILE = YES;
				INFOPLIST_FILE = ReviveWidget/Info.plist;
				INFOPLIST_KEY_CFBundleDisplayName = ReviveWidget;
				INFOPLIST_KEY_NSHumanReadableCopyright = "";
				INFOPLIST_KEY_NSSupportsLiveActivities = YES;
				LD_RUNPATH_SEARCH_PATHS = (
					"$(inherited)",
					"@executable_path/Frameworks",
					"@executable_path/../../Frameworks",
				);
				MARKETING_VERSION = 1.0;
				PRODUCT_BUNDLE_IDENTIFIER = fun.binltools.Revive.ReviveWidget;
				PRODUCT_NAME = "$(TARGET_NAME)";
				SKIP_INSTALL = YES;
				SWIFT_EMIT_LOC_STRINGS = YES;
				SWIFT_VERSION = 5.0;
				TARGETED_DEVICE_FAMILY = "1,2";
			};
			name = Debug;
		};
		B3D67D852B1FF890004BA91A /* Release */ = {
			isa = XCBuildConfiguration;
			buildSettings = {
				ASSETCATALOG_COMPILER_GLOBAL_ACCENT_COLOR_NAME = AccentColor;
				ASSETCATALOG_COMPILER_WIDGET_BACKGROUND_COLOR_NAME = WidgetBackground;
				CODE_SIGN_STYLE = Automatic;
				CURRENT_PROJECT_VERSION = 1;
				DEVELOPMENT_TEAM = A48878X7MD;
				GENERATE_INFOPLIST_FILE = YES;
				INFOPLIST_FILE = ReviveWidget/Info.plist;
				INFOPLIST_KEY_CFBundleDisplayName = ReviveWidget;
				INFOPLIST_KEY_NSHumanReadableCopyright = "";
				INFOPLIST_KEY_NSSupportsLiveActivities = YES;
				LD_RUNPATH_SEARCH_PATHS = (
					"$(inherited)",
					"@executable_path/Frameworks",
					"@executable_path/../../Frameworks",
				);
				MARKETING_VERSION = 1.0;
				PRODUCT_BUNDLE_IDENTIFIER = fun.binltools.Revive.ReviveWidget;
				PRODUCT_NAME = "$(TARGET_NAME)";
				SKIP_INSTALL = YES;
				SWIFT_EMIT_LOC_STRINGS = YES;
				SWIFT_VERSION = 5.0;
				TARGETED_DEVICE_FAMILY = "1,2";
			};
			name = Release;
		};
/* End XCBuildConfiguration section */

/* Begin XCConfigurationList section */
		B3C773F32ACCE69800387FDC /* Build configuration list for PBXProject "Revive" */ = {
			isa = XCConfigurationList;
			buildConfigurations = (
				B3C7741A2ACCE69A00387FDC /* Debug */,
				B3C7741B2ACCE69A00387FDC /* Release */,
			);
			defaultConfigurationIsVisible = 0;
			defaultConfigurationName = Release;
		};
		B3C7741C2ACCE69A00387FDC /* Build configuration list for PBXNativeTarget "Revive" */ = {
			isa = XCConfigurationList;
			buildConfigurations = (
				B3C7741D2ACCE69A00387FDC /* Debug */,
				B3C7741E2ACCE69A00387FDC /* Release */,
			);
			defaultConfigurationIsVisible = 0;
			defaultConfigurationName = Release;
		};
		B3C7741F2ACCE69A00387FDC /* Build configuration list for PBXNativeTarget "ReviveTests" */ = {
			isa = XCConfigurationList;
			buildConfigurations = (
				B3C774202ACCE69A00387FDC /* Debug */,
				B3C774212ACCE69A00387FDC /* Release */,
			);
			defaultConfigurationIsVisible = 0;
			defaultConfigurationName = Release;
		};
		B3C774222ACCE69A00387FDC /* Build configuration list for PBXNativeTarget "ReviveUITests" */ = {
			isa = XCConfigurationList;
			buildConfigurations = (
				B3C774232ACCE69A00387FDC /* Debug */,
				B3C774242ACCE69A00387FDC /* Release */,
			);
			defaultConfigurationIsVisible = 0;
			defaultConfigurationName = Release;
		};
		B3D67D862B1FF890004BA91A /* Build configuration list for PBXNativeTarget "ReviveWidgetExtension" */ = {
			isa = XCConfigurationList;
			buildConfigurations = (
				B3D67D842B1FF890004BA91A /* Debug */,
				B3D67D852B1FF890004BA91A /* Release */,
			);
			defaultConfigurationIsVisible = 0;
			defaultConfigurationName = Release;
		};
/* End XCConfigurationList section */

/* Begin XCVersionGroup section */
		B31922182AFBED74000446B7 /* MySpeciesModel.xcdatamodeld */ = {
			isa = XCVersionGroup;
			children = (
				B31922192AFBED74000446B7 /* MySpeciesModel.xcdatamodel */,
			);
			currentVersion = B31922192AFBED74000446B7 /* MySpeciesModel.xcdatamodel */;
			path = MySpeciesModel.xcdatamodeld;
			sourceTree = "<group>";
			usesTabs = 0;
			versionGroupType = wrapper.xcdatamodel;
		};
/* End XCVersionGroup section */
	};
	rootObject = B3C773F02ACCE69800387FDC /* Project object */;
}
